// !$*UTF8*$!
{
	archiveVersion = 1;
	classes = {
	};
	objectVersion = 46;
	objects = {

/* Begin PBXBuildFile section */
		0E7C6DA41CB32F2F00B8F865 /* RotateGradientView.m in Sources */ = {isa = PBXBuildFile; fileRef = 0E7C6DA31CB32F2F00B8F865 /* RotateGradientView.m */; };
		0E7C6DA61CB4519D00B8F865 /* RoomModel.obj in Resources */ = {isa = PBXBuildFile; fileRef = 0E7C6DA51CB4519D00B8F865 /* RoomModel.obj */; };
		0E7C6DA91CB451AC00B8F865 /* RoomModel.jpg in Resources */ = {isa = PBXBuildFile; fileRef = 0E7C6DA71CB451AC00B8F865 /* RoomModel.jpg */; };
		0E7C6DAA1CB451AC00B8F865 /* RoomModel.mtl in Resources */ = {isa = PBXBuildFile; fileRef = 0E7C6DA81CB451AC00B8F865 /* RoomModel.mtl */; };
		0E7C6DAC1CB48D7B00B8F865 /* RoomCapture in Resources */ = {isa = PBXBuildFile; fileRef = 0E7C6DAB1CB48D7B00B8F865 /* RoomCapture */; };
		510382BD1C867D15005C9BDB /* ObjViewController.mm in Sources */ = {isa = PBXBuildFile; fileRef = 510382B41C867D15005C9BDB /* ObjViewController.mm */; };
		510382BE1C867D15005C9BDB /* ObjViewController+Camera.mm in Sources */ = {isa = PBXBuildFile; fileRef = 510382B61C867D15005C9BDB /* ObjViewController+Camera.mm */; };
		510382BF1C867D15005C9BDB /* ObjViewController+OpenGL.mm in Sources */ = {isa = PBXBuildFile; fileRef = 510382B81C867D15005C9BDB /* ObjViewController+OpenGL.mm */; };
		510382C01C867D15005C9BDB /* ObjViewController+Sensor.mm in Sources */ = {isa = PBXBuildFile; fileRef = 510382BA1C867D15005C9BDB /* ObjViewController+Sensor.mm */; };
		510382C11C867D15005C9BDB /* ObjViewController+SLAM.mm in Sources */ = {isa = PBXBuildFile; fileRef = 510382BC1C867D15005C9BDB /* ObjViewController+SLAM.mm */; };
		510382C61C867EED005C9BDB /* ObjMeshViewController.mm in Sources */ = {isa = PBXBuildFile; fileRef = 510382C51C867EED005C9BDB /* ObjMeshViewController.mm */; };
		510382C91C867FD7005C9BDB /* ObjViewpointController.mm in Sources */ = {isa = PBXBuildFile; fileRef = 510382C81C867FD7005C9BDB /* ObjViewpointController.mm */; };
		510382CC1C86C0FD005C9BDB /* MultiViewController.m in Sources */ = {isa = PBXBuildFile; fileRef = 510382CB1C86C0FD005C9BDB /* MultiViewController.m */; };
		5144E5881C96A6C90005DF36 /* splashscreen.png in Resources */ = {isa = PBXBuildFile; fileRef = 5144E5871C96A6C90005DF36 /* splashscreen.png */; };
		51875D231C695BC300472165 /* Contents.json in Resources */ = {isa = PBXBuildFile; fileRef = 51875D0D1C695BC300472165 /* Contents.json */; };
		51875D241C695BC300472165 /* Icon-40.png in Resources */ = {isa = PBXBuildFile; fileRef = 51875D0E1C695BC300472165 /* Icon-40.png */; };
		51875D251C695BC300472165 /* Icon-40@2x.png in Resources */ = {isa = PBXBuildFile; fileRef = 51875D0F1C695BC300472165 /* Icon-40@2x.png */; };
		51875D261C695BC300472165 /* Icon-40@3x.png in Resources */ = {isa = PBXBuildFile; fileRef = 51875D101C695BC300472165 /* Icon-40@3x.png */; };
		51875D271C695BC300472165 /* Icon-60@2x.png in Resources */ = {isa = PBXBuildFile; fileRef = 51875D111C695BC300472165 /* Icon-60@2x.png */; };
		51875D281C695BC300472165 /* Icon-60@3x.png in Resources */ = {isa = PBXBuildFile; fileRef = 51875D121C695BC300472165 /* Icon-60@3x.png */; };
		51875D291C695BC300472165 /* Icon-76.png in Resources */ = {isa = PBXBuildFile; fileRef = 51875D131C695BC300472165 /* Icon-76.png */; };
		51875D2A1C695BC300472165 /* Icon-76@2x.png in Resources */ = {isa = PBXBuildFile; fileRef = 51875D141C695BC300472165 /* Icon-76@2x.png */; };
		51875D2B1C695BC300472165 /* Icon-83.5@2x.png in Resources */ = {isa = PBXBuildFile; fileRef = 51875D151C695BC300472165 /* Icon-83.5@2x.png */; };
		51875D2C1C695BC300472165 /* Icon-Small.png in Resources */ = {isa = PBXBuildFile; fileRef = 51875D161C695BC300472165 /* Icon-Small.png */; };
		51875D2D1C695BC300472165 /* Icon-Small@2x.png in Resources */ = {isa = PBXBuildFile; fileRef = 51875D171C695BC300472165 /* Icon-Small@2x.png */; };
		51875D2E1C695BC300472165 /* Icon-Small@3x.png in Resources */ = {isa = PBXBuildFile; fileRef = 51875D181C695BC300472165 /* Icon-Small@3x.png */; };
		51875D2F1C695BC300472165 /* Icon-60.png in Resources */ = {isa = PBXBuildFile; fileRef = 51875D191C695BC300472165 /* Icon-60.png */; };
		51875D301C695BC300472165 /* Icon-72.png in Resources */ = {isa = PBXBuildFile; fileRef = 51875D1A1C695BC300472165 /* Icon-72.png */; };
		51875D311C695BC300472165 /* Icon-72@2x.png in Resources */ = {isa = PBXBuildFile; fileRef = 51875D1B1C695BC300472165 /* Icon-72@2x.png */; };
		51875D321C695BC300472165 /* Icon-Small-50.png in Resources */ = {isa = PBXBuildFile; fileRef = 51875D1C1C695BC300472165 /* Icon-Small-50.png */; };
		51875D331C695BC300472165 /* Icon-Small-50@2x.png in Resources */ = {isa = PBXBuildFile; fileRef = 51875D1D1C695BC300472165 /* Icon-Small-50@2x.png */; };
		51875D341C695BC300472165 /* Icon.png in Resources */ = {isa = PBXBuildFile; fileRef = 51875D1E1C695BC300472165 /* Icon.png */; };
		51875D351C695BC300472165 /* Icon@2x.png in Resources */ = {isa = PBXBuildFile; fileRef = 51875D1F1C695BC300472165 /* Icon@2x.png */; };
		51875D361C695BC300472165 /* iTunesArtwork.png in Resources */ = {isa = PBXBuildFile; fileRef = 51875D201C695BC300472165 /* iTunesArtwork.png */; };
		51875D371C695BC300472165 /* iTunesArtwork@2x.png in Resources */ = {isa = PBXBuildFile; fileRef = 51875D211C695BC300472165 /* iTunesArtwork@2x.png */; };
		51875D381C695BC300472165 /* README.md in Sources */ = {isa = PBXBuildFile; fileRef = 51875D221C695BC300472165 /* README.md */; };
		51875D3A1C695DD100472165 /* Title-ARchitect-Web Banner.png in Resources */ = {isa = PBXBuildFile; fileRef = 51875D391C695DD100472165 /* Title-ARchitect-Web Banner.png */; };
		519249C31CA9B3F60057846A /* DetectButton@2x.png in Resources */ = {isa = PBXBuildFile; fileRef = 519249C21CA9B3F60057846A /* DetectButton@2x.png */; };
		51A141301C59F78F00B2F5E9 /* main.m in Sources */ = {isa = PBXBuildFile; fileRef = 51A1412F1C59F78F00B2F5E9 /* main.m */; };
		51A141331C59F78F00B2F5E9 /* AppDelegate.m in Sources */ = {isa = PBXBuildFile; fileRef = 51A141321C59F78F00B2F5E9 /* AppDelegate.m */; };
		51A141391C59F78F00B2F5E9 /* Main.storyboard in Resources */ = {isa = PBXBuildFile; fileRef = 51A141371C59F78F00B2F5E9 /* Main.storyboard */; };
		51A1413B1C59F78F00B2F5E9 /* Assets.xcassets in Resources */ = {isa = PBXBuildFile; fileRef = 51A1413A1C59F78F00B2F5E9 /* Assets.xcassets */; };
		51A1413E1C59F79000B2F5E9 /* LaunchScreen.storyboard in Resources */ = {isa = PBXBuildFile; fileRef = 51A1413C1C59F79000B2F5E9 /* LaunchScreen.storyboard */; };
		51A141491C59F79000B2F5E9 /* PRTest3Tests.m in Sources */ = {isa = PBXBuildFile; fileRef = 51A141481C59F79000B2F5E9 /* PRTest3Tests.m */; };
		51A141541C59F79000B2F5E9 /* PRTest3UITests.m in Sources */ = {isa = PBXBuildFile; fileRef = 51A141531C59F79000B2F5E9 /* PRTest3UITests.m */; };
		51A141621C5A009400B2F5E9 /* MessageUI.framework in Frameworks */ = {isa = PBXBuildFile; fileRef = 51A141611C5A009400B2F5E9 /* MessageUI.framework */; };
		51A141641C5A009E00B2F5E9 /* CoreImage.framework in Frameworks */ = {isa = PBXBuildFile; fileRef = 51A141631C5A009E00B2F5E9 /* CoreImage.framework */; };
		51A141661C5A00A600B2F5E9 /* QuartzCore.framework in Frameworks */ = {isa = PBXBuildFile; fileRef = 51A141651C5A00A600B2F5E9 /* QuartzCore.framework */; };
		51A141681C5A00AD00B2F5E9 /* Accelerate.framework in Frameworks */ = {isa = PBXBuildFile; fileRef = 51A141671C5A00AD00B2F5E9 /* Accelerate.framework */; };
		51A1416A1C5A00B800B2F5E9 /* CoreGraphics.framework in Frameworks */ = {isa = PBXBuildFile; fileRef = 51A141691C5A00B800B2F5E9 /* CoreGraphics.framework */; };
		51A1416C1C5A00C400B2F5E9 /* CoreMedia.framework in Frameworks */ = {isa = PBXBuildFile; fileRef = 51A1416B1C5A00C400B2F5E9 /* CoreMedia.framework */; };
		51A1416E1C5A00CB00B2F5E9 /* CoreVideo.framework in Frameworks */ = {isa = PBXBuildFile; fileRef = 51A1416D1C5A00CB00B2F5E9 /* CoreVideo.framework */; };
		51A141701C5A00D200B2F5E9 /* AVFoundation.framework in Frameworks */ = {isa = PBXBuildFile; fileRef = 51A1416F1C5A00D200B2F5E9 /* AVFoundation.framework */; };
		51A141721C5A00DA00B2F5E9 /* OpenGLES.framework in Frameworks */ = {isa = PBXBuildFile; fileRef = 51A141711C5A00DA00B2F5E9 /* OpenGLES.framework */; };
		51A141741C5A00E300B2F5E9 /* ExternalAccessory.framework in Frameworks */ = {isa = PBXBuildFile; fileRef = 51A141731C5A00E300B2F5E9 /* ExternalAccessory.framework */; };
		51A141761C5A00EA00B2F5E9 /* UIKit.framework in Frameworks */ = {isa = PBXBuildFile; fileRef = 51A141751C5A00EA00B2F5E9 /* UIKit.framework */; };
		51A141781C5A00F000B2F5E9 /* Foundation.framework in Frameworks */ = {isa = PBXBuildFile; fileRef = 51A141771C5A00F000B2F5E9 /* Foundation.framework */; };
		51A1417A1C5A00FB00B2F5E9 /* GLKit.framework in Frameworks */ = {isa = PBXBuildFile; fileRef = 51A141791C5A00FB00B2F5E9 /* GLKit.framework */; };
		51A1417C1C5A010400B2F5E9 /* ImageIO.framework in Frameworks */ = {isa = PBXBuildFile; fileRef = 51A1417B1C5A010400B2F5E9 /* ImageIO.framework */; };
		51A1417E1C5A010B00B2F5E9 /* CoreMotion.framework in Frameworks */ = {isa = PBXBuildFile; fileRef = 51A1417D1C5A010B00B2F5E9 /* CoreMotion.framework */; };
		51A141801C5A012600B2F5E9 /* Structure.framework in Frameworks */ = {isa = PBXBuildFile; fileRef = 51A1417F1C5A012600B2F5E9 /* Structure.framework */; };
		51A141821C5A013700B2F5E9 /* libz.tbd in Frameworks */ = {isa = PBXBuildFile; fileRef = 51A141811C5A013700B2F5E9 /* libz.tbd */; };
		51A141A51C5A8E9A00B2F5E9 /* CalibrationOverlay.mm in Sources */ = {isa = PBXBuildFile; fileRef = 51A141871C5A8E9900B2F5E9 /* CalibrationOverlay.mm */; };
		51A141A61C5A8E9A00B2F5E9 /* CustomShaders.mm in Sources */ = {isa = PBXBuildFile; fileRef = 51A141891C5A8E9900B2F5E9 /* CustomShaders.mm */; };
		51A141A71C5A8E9A00B2F5E9 /* CustomUIKitStyles.mm in Sources */ = {isa = PBXBuildFile; fileRef = 51A1418B1C5A8E9900B2F5E9 /* CustomUIKitStyles.mm */; };
		51A141A81C5A8E9A00B2F5E9 /* EAGLView.mm in Sources */ = {isa = PBXBuildFile; fileRef = 51A1418D1C5A8E9900B2F5E9 /* EAGLView.mm */; };
		51A141AA1C5A8E9A00B2F5E9 /* GraphicsRenderer.mm in Sources */ = {isa = PBXBuildFile; fileRef = 51A141901C5A8E9900B2F5E9 /* GraphicsRenderer.mm */; };
		51A141AB1C5A8E9A00B2F5E9 /* Joystick.mm in Sources */ = {isa = PBXBuildFile; fileRef = 51A141921C5A8E9900B2F5E9 /* Joystick.mm */; };
		51A141AC1C5A8E9A00B2F5E9 /* measurementTape.png in Resources */ = {isa = PBXBuildFile; fileRef = 51A141931C5A8E9900B2F5E9 /* measurementTape.png */; };
		51A141AD1C5A8E9A00B2F5E9 /* MeshRenderer.mm in Sources */ = {isa = PBXBuildFile; fileRef = 51A141951C5A8E9900B2F5E9 /* MeshRenderer.mm */; };
		51A141AF1C5A8E9A00B2F5E9 /* MeshViewController.mm in Sources */ = {isa = PBXBuildFile; fileRef = 51A141981C5A8E9A00B2F5E9 /* MeshViewController.mm */; };
		51A141B01C5A8E9A00B2F5E9 /* ScanViewController.mm in Sources */ = {isa = PBXBuildFile; fileRef = 51A1419A1C5A8E9A00B2F5E9 /* ScanViewController.mm */; };
		51A141B11C5A8E9A00B2F5E9 /* ScanViewController+Camera.mm in Sources */ = {isa = PBXBuildFile; fileRef = 51A1419C1C5A8E9A00B2F5E9 /* ScanViewController+Camera.mm */; };
		51A141B21C5A8E9A00B2F5E9 /* ScanViewController+OpenGL.mm in Sources */ = {isa = PBXBuildFile; fileRef = 51A1419E1C5A8E9A00B2F5E9 /* ScanViewController+OpenGL.mm */; };
		51A141B31C5A8E9A00B2F5E9 /* ScanViewController+Sensor.mm in Sources */ = {isa = PBXBuildFile; fileRef = 51A141A01C5A8E9A00B2F5E9 /* ScanViewController+Sensor.mm */; };
		51A141B41C5A8E9A00B2F5E9 /* ScanViewController+SLAM.mm in Sources */ = {isa = PBXBuildFile; fileRef = 51A141A21C5A8E9A00B2F5E9 /* ScanViewController+SLAM.mm */; };
		51A141B51C5A8E9A00B2F5E9 /* ViewpointController.mm in Sources */ = {isa = PBXBuildFile; fileRef = 51A141A41C5A8E9A00B2F5E9 /* ViewpointController.mm */; };
		51A141DF1C5AB20900B2F5E9 /* Default-568h@2x.png in Resources */ = {isa = PBXBuildFile; fileRef = 51A141D31C5AB20900B2F5E9 /* Default-568h@2x.png */; };
		51A141E01C5AB20900B2F5E9 /* Default-Landscape@2x~ipad.png in Resources */ = {isa = PBXBuildFile; fileRef = 51A141D41C5AB20900B2F5E9 /* Default-Landscape@2x~ipad.png */; };
		51A141E11C5AB20900B2F5E9 /* Default-Landscape~ipad.png in Resources */ = {isa = PBXBuildFile; fileRef = 51A141D51C5AB20900B2F5E9 /* Default-Landscape~ipad.png */; };
		51A141E21C5AB20900B2F5E9 /* Default@2x.png in Resources */ = {isa = PBXBuildFile; fileRef = 51A141D61C5AB20900B2F5E9 /* Default@2x.png */; };
		51A141E41C5AB20900B2F5E9 /* innerCircle@2x.png in Resources */ = {isa = PBXBuildFile; fileRef = 51A141D81C5AB20900B2F5E9 /* innerCircle@2x.png */; };
		51A141E51C5AB20900B2F5E9 /* measurementTape.png in Resources */ = {isa = PBXBuildFile; fileRef = 51A141D91C5AB20900B2F5E9 /* measurementTape.png */; };
		51A141E61C5AB20900B2F5E9 /* outerCircle@2x.png in Resources */ = {isa = PBXBuildFile; fileRef = 51A141DA1C5AB20900B2F5E9 /* outerCircle@2x.png */; };
		51A141EA1C5AB34700B2F5E9 /* doneButton@2x.png in Resources */ = {isa = PBXBuildFile; fileRef = 51A141D71C5AB20900B2F5E9 /* doneButton@2x.png */; };
		51A141EB1C5AB35400B2F5E9 /* resetScanButton@2x.png in Resources */ = {isa = PBXBuildFile; fileRef = 51A141DB1C5AB20900B2F5E9 /* resetScanButton@2x.png */; };
		51A141EC1C5AB35900B2F5E9 /* startScanButton@2x.png in Resources */ = {isa = PBXBuildFile; fileRef = 51A141DD1C5AB20900B2F5E9 /* startScanButton@2x.png */; };
		51A141ED1C5AB35E00B2F5E9 /* Splash.png in Resources */ = {isa = PBXBuildFile; fileRef = 51A141DC1C5AB20900B2F5E9 /* Splash.png */; };
		51A141EE1C5AB36600B2F5E9 /* calibration.png in Resources */ = {isa = PBXBuildFile; fileRef = 51A141D21C5AB20900B2F5E9 /* calibration.png */; };
		51A141F31C5AD72900B2F5E9 /* ViewController.m in Sources */ = {isa = PBXBuildFile; fileRef = 51A141F21C5AD72900B2F5E9 /* ViewController.m */; };
		51B4305D1C62ADE000005952 /* LoadViewController.m in Sources */ = {isa = PBXBuildFile; fileRef = 51B4305C1C62ADE000005952 /* LoadViewController.m */; };
		51B430721C62AE6000005952 /* GLUtils.m in Sources */ = {isa = PBXBuildFile; fileRef = 51B430611C62AE6000005952 /* GLUtils.m */; };
		51B430731C62AE6000005952 /* GLView.m in Sources */ = {isa = PBXBuildFile; fileRef = 51B430631C62AE6000005952 /* GLView.m */; };
		51B430741C62AE6000005952 /* GLImage.m in Sources */ = {isa = PBXBuildFile; fileRef = 51B430661C62AE6000005952 /* GLImage.m */; };
		51B430751C62AE6000005952 /* GLImageMap.m in Sources */ = {isa = PBXBuildFile; fileRef = 51B430681C62AE6000005952 /* GLImageMap.m */; };
		51B430761C62AE6000005952 /* GLImageView.m in Sources */ = {isa = PBXBuildFile; fileRef = 51B4306A1C62AE6000005952 /* GLImageView.m */; };
		51B430771C62AE6000005952 /* GLLight.m in Sources */ = {isa = PBXBuildFile; fileRef = 51B4306D1C62AE6000005952 /* GLLight.m */; };
		51B430781C62AE6000005952 /* GLModel.m in Sources */ = {isa = PBXBuildFile; fileRef = 51B4306F1C62AE6000005952 /* GLModel.m */; };
		51B430791C62AE6000005952 /* GLModelView.m in Sources */ = {isa = PBXBuildFile; fileRef = 51B430711C62AE6000005952 /* GLModelView.m */; };
		51B430841C62CC3400005952 /* chair.tga in Resources */ = {isa = PBXBuildFile; fileRef = 51B4307B1C62CC3400005952 /* chair.tga */; };
		51B430851C62CC3400005952 /* demon.png in Resources */ = {isa = PBXBuildFile; fileRef = 51B4307C1C62CC3400005952 /* demon.png */; };
		51B430861C62CC3400005952 /* chair.obj in Resources */ = {isa = PBXBuildFile; fileRef = 51B4307E1C62CC3400005952 /* chair.obj */; };
		51B430871C62CC3400005952 /* cube.obj in Resources */ = {isa = PBXBuildFile; fileRef = 51B4307F1C62CC3400005952 /* cube.obj */; };
		51B430881C62CC3400005952 /* demon.model in Resources */ = {isa = PBXBuildFile; fileRef = 51B430801C62CC3400005952 /* demon.model */; };
		51B430891C62CC3400005952 /* diamond.obj in Resources */ = {isa = PBXBuildFile; fileRef = 51B430811C62CC3400005952 /* diamond.obj */; };
		51B4308A1C62CC3400005952 /* quad.obj in Resources */ = {isa = PBXBuildFile; fileRef = 51B430821C62CC3400005952 /* quad.obj */; };
		51B4308B1C62CC3400005952 /* ship.obj in Resources */ = {isa = PBXBuildFile; fileRef = 51B430831C62CC3400005952 /* ship.obj */; };
		51B4308D1C62D7ED00005952 /* capsule.obj in Resources */ = {isa = PBXBuildFile; fileRef = 51B4308C1C62D7ED00005952 /* capsule.obj */; };
		51B430901C62D7FB00005952 /* capsule.mtl in Resources */ = {isa = PBXBuildFile; fileRef = 51B4308E1C62D7FB00005952 /* capsule.mtl */; };
		51B430911C62D7FB00005952 /* capsule0.jpg in Resources */ = {isa = PBXBuildFile; fileRef = 51B4308F1C62D7FB00005952 /* capsule0.jpg */; };
		51CFCFBA1C72B8A0003D8C26 /* Model.obj in Resources */ = {isa = PBXBuildFile; fileRef = 51CFCFB91C72B8A0003D8C26 /* Model.obj */; };
		51CFCFBE1C72B8AA003D8C26 /* Model.mtl in Resources */ = {isa = PBXBuildFile; fileRef = 51CFCFBC1C72B8AA003D8C26 /* Model.mtl */; };
		51CFCFC01C72B970003D8C26 /* 111.obj in Resources */ = {isa = PBXBuildFile; fileRef = 51CFCFBF1C72B970003D8C26 /* 111.obj */; };
		51CFCFC31C72B9C8003D8C26 /* 111.jpg in Resources */ = {isa = PBXBuildFile; fileRef = 51CFCFC11C72B9C8003D8C26 /* 111.jpg */; };
		51CFCFC41C72B9C8003D8C26 /* 111.mtl in Resources */ = {isa = PBXBuildFile; fileRef = 51CFCFC21C72B9C8003D8C26 /* 111.mtl */; };
		51CFCFD21C73D228003D8C26 /* Model.jpg in Resources */ = {isa = PBXBuildFile; fileRef = 51CFCFD11C73D228003D8C26 /* Model.jpg */; };
		51E7CC461C6007D80046793C /* Images.xcassets in Resources */ = {isa = PBXBuildFile; fileRef = 51E7CC451C6007D80046793C /* Images.xcassets */; };
/* End PBXBuildFile section */

/* Begin PBXContainerItemProxy section */
		51A141451C59F79000B2F5E9 /* PBXContainerItemProxy */ = {
			isa = PBXContainerItemProxy;
			containerPortal = 51A141231C59F78F00B2F5E9 /* Project object */;
			proxyType = 1;
			remoteGlobalIDString = 51A1412A1C59F78F00B2F5E9;
			remoteInfo = PRTest3;
		};
		51A141501C59F79000B2F5E9 /* PBXContainerItemProxy */ = {
			isa = PBXContainerItemProxy;
			containerPortal = 51A141231C59F78F00B2F5E9 /* Project object */;
			proxyType = 1;
			remoteGlobalIDString = 51A1412A1C59F78F00B2F5E9;
			remoteInfo = PRTest3;
		};
/* End PBXContainerItemProxy section */

/* Begin PBXFileReference section */
		0E7C6DA21CB32F2F00B8F865 /* RotateGradientView.h */ = {isa = PBXFileReference; fileEncoding = 4; lastKnownFileType = sourcecode.c.h; name = RotateGradientView.h; path = ../RotateGradientView.h; sourceTree = "<group>"; };
		0E7C6DA31CB32F2F00B8F865 /* RotateGradientView.m */ = {isa = PBXFileReference; fileEncoding = 4; lastKnownFileType = sourcecode.c.objc; name = RotateGradientView.m; path = ../RotateGradientView.m; sourceTree = "<group>"; };
		0E7C6DA51CB4519D00B8F865 /* RoomModel.obj */ = {isa = PBXFileReference; fileEncoding = 4; lastKnownFileType = text; path = RoomModel.obj; sourceTree = "<group>"; };
		0E7C6DA71CB451AC00B8F865 /* RoomModel.jpg */ = {isa = PBXFileReference; lastKnownFileType = image.jpeg; path = RoomModel.jpg; sourceTree = "<group>"; };
		0E7C6DA81CB451AC00B8F865 /* RoomModel.mtl */ = {isa = PBXFileReference; fileEncoding = 4; lastKnownFileType = text; path = RoomModel.mtl; sourceTree = "<group>"; };
		0E7C6DAB1CB48D7B00B8F865 /* RoomCapture */ = {isa = PBXFileReference; lastKnownFileType = folder; path = RoomCapture; sourceTree = "<group>"; };
		510382B31C867D15005C9BDB /* ObjViewController.h */ = {isa = PBXFileReference; fileEncoding = 4; lastKnownFileType = sourcecode.c.h; path = ObjViewController.h; sourceTree = "<group>"; };
		510382B41C867D15005C9BDB /* ObjViewController.mm */ = {isa = PBXFileReference; fileEncoding = 4; lastKnownFileType = sourcecode.cpp.objcpp; path = ObjViewController.mm; sourceTree = "<group>"; };
		510382B51C867D15005C9BDB /* ObjViewController+Camera.h */ = {isa = PBXFileReference; fileEncoding = 4; lastKnownFileType = sourcecode.c.h; path = "ObjViewController+Camera.h"; sourceTree = "<group>"; };
		510382B61C867D15005C9BDB /* ObjViewController+Camera.mm */ = {isa = PBXFileReference; fileEncoding = 4; lastKnownFileType = sourcecode.cpp.objcpp; path = "ObjViewController+Camera.mm"; sourceTree = "<group>"; };
		510382B71C867D15005C9BDB /* ObjViewController+OpenGL.h */ = {isa = PBXFileReference; fileEncoding = 4; lastKnownFileType = sourcecode.c.h; path = "ObjViewController+OpenGL.h"; sourceTree = "<group>"; };
		510382B81C867D15005C9BDB /* ObjViewController+OpenGL.mm */ = {isa = PBXFileReference; fileEncoding = 4; lastKnownFileType = sourcecode.cpp.objcpp; path = "ObjViewController+OpenGL.mm"; sourceTree = "<group>"; };
		510382B91C867D15005C9BDB /* ObjViewController+Sensor.h */ = {isa = PBXFileReference; fileEncoding = 4; lastKnownFileType = sourcecode.c.h; path = "ObjViewController+Sensor.h"; sourceTree = "<group>"; };
		510382BA1C867D15005C9BDB /* ObjViewController+Sensor.mm */ = {isa = PBXFileReference; fileEncoding = 4; lastKnownFileType = sourcecode.cpp.objcpp; path = "ObjViewController+Sensor.mm"; sourceTree = "<group>"; };
		510382BB1C867D15005C9BDB /* ObjViewController+SLAM.h */ = {isa = PBXFileReference; fileEncoding = 4; lastKnownFileType = sourcecode.c.h; path = "ObjViewController+SLAM.h"; sourceTree = "<group>"; };
		510382BC1C867D15005C9BDB /* ObjViewController+SLAM.mm */ = {isa = PBXFileReference; fileEncoding = 4; lastKnownFileType = sourcecode.cpp.objcpp; path = "ObjViewController+SLAM.mm"; sourceTree = "<group>"; };
		510382C41C867EED005C9BDB /* ObjMeshViewController.h */ = {isa = PBXFileReference; fileEncoding = 4; lastKnownFileType = sourcecode.c.h; path = ObjMeshViewController.h; sourceTree = "<group>"; };
		510382C51C867EED005C9BDB /* ObjMeshViewController.mm */ = {isa = PBXFileReference; fileEncoding = 4; lastKnownFileType = sourcecode.cpp.objcpp; path = ObjMeshViewController.mm; sourceTree = "<group>"; };
		510382C71C867FD7005C9BDB /* ObjViewpointController.h */ = {isa = PBXFileReference; fileEncoding = 4; lastKnownFileType = sourcecode.c.h; path = ObjViewpointController.h; sourceTree = "<group>"; };
		510382C81C867FD7005C9BDB /* ObjViewpointController.mm */ = {isa = PBXFileReference; fileEncoding = 4; lastKnownFileType = sourcecode.cpp.objcpp; path = ObjViewpointController.mm; sourceTree = "<group>"; };
		510382CA1C86C0FD005C9BDB /* MultiViewController.h */ = {isa = PBXFileReference; fileEncoding = 4; lastKnownFileType = sourcecode.c.h; path = MultiViewController.h; sourceTree = "<group>"; };
		510382CB1C86C0FD005C9BDB /* MultiViewController.m */ = {isa = PBXFileReference; fileEncoding = 4; lastKnownFileType = sourcecode.c.objc; path = MultiViewController.m; sourceTree = "<group>"; };
		5144E5871C96A6C90005DF36 /* splashscreen.png */ = {isa = PBXFileReference; lastKnownFileType = image.png; name = splashscreen.png; path = ios/splashscreen.png; sourceTree = "<group>"; };
		51875D0D1C695BC300472165 /* Contents.json */ = {isa = PBXFileReference; fileEncoding = 4; lastKnownFileType = text.json; path = Contents.json; sourceTree = "<group>"; };
		51875D0E1C695BC300472165 /* Icon-40.png */ = {isa = PBXFileReference; lastKnownFileType = image.png; path = "Icon-40.png"; sourceTree = "<group>"; };
		51875D0F1C695BC300472165 /* Icon-40@2x.png */ = {isa = PBXFileReference; lastKnownFileType = image.png; path = "Icon-40@2x.png"; sourceTree = "<group>"; };
		51875D101C695BC300472165 /* Icon-40@3x.png */ = {isa = PBXFileReference; lastKnownFileType = image.png; path = "Icon-40@3x.png"; sourceTree = "<group>"; };
		51875D111C695BC300472165 /* Icon-60@2x.png */ = {isa = PBXFileReference; lastKnownFileType = image.png; path = "Icon-60@2x.png"; sourceTree = "<group>"; };
		51875D121C695BC300472165 /* Icon-60@3x.png */ = {isa = PBXFileReference; lastKnownFileType = image.png; path = "Icon-60@3x.png"; sourceTree = "<group>"; };
		51875D131C695BC300472165 /* Icon-76.png */ = {isa = PBXFileReference; lastKnownFileType = image.png; path = "Icon-76.png"; sourceTree = "<group>"; };
		51875D141C695BC300472165 /* Icon-76@2x.png */ = {isa = PBXFileReference; lastKnownFileType = image.png; path = "Icon-76@2x.png"; sourceTree = "<group>"; };
		51875D151C695BC300472165 /* Icon-83.5@2x.png */ = {isa = PBXFileReference; lastKnownFileType = image.png; path = "Icon-83.5@2x.png"; sourceTree = "<group>"; };
		51875D161C695BC300472165 /* Icon-Small.png */ = {isa = PBXFileReference; lastKnownFileType = image.png; path = "Icon-Small.png"; sourceTree = "<group>"; };
		51875D171C695BC300472165 /* Icon-Small@2x.png */ = {isa = PBXFileReference; lastKnownFileType = image.png; path = "Icon-Small@2x.png"; sourceTree = "<group>"; };
		51875D181C695BC300472165 /* Icon-Small@3x.png */ = {isa = PBXFileReference; lastKnownFileType = image.png; path = "Icon-Small@3x.png"; sourceTree = "<group>"; };
		51875D191C695BC300472165 /* Icon-60.png */ = {isa = PBXFileReference; lastKnownFileType = image.png; path = "Icon-60.png"; sourceTree = "<group>"; };
		51875D1A1C695BC300472165 /* Icon-72.png */ = {isa = PBXFileReference; lastKnownFileType = image.png; path = "Icon-72.png"; sourceTree = "<group>"; };
		51875D1B1C695BC300472165 /* Icon-72@2x.png */ = {isa = PBXFileReference; lastKnownFileType = image.png; path = "Icon-72@2x.png"; sourceTree = "<group>"; };
		51875D1C1C695BC300472165 /* Icon-Small-50.png */ = {isa = PBXFileReference; lastKnownFileType = image.png; path = "Icon-Small-50.png"; sourceTree = "<group>"; };
		51875D1D1C695BC300472165 /* Icon-Small-50@2x.png */ = {isa = PBXFileReference; lastKnownFileType = image.png; path = "Icon-Small-50@2x.png"; sourceTree = "<group>"; };
		51875D1E1C695BC300472165 /* Icon.png */ = {isa = PBXFileReference; lastKnownFileType = image.png; path = Icon.png; sourceTree = "<group>"; };
		51875D1F1C695BC300472165 /* Icon@2x.png */ = {isa = PBXFileReference; lastKnownFileType = image.png; path = "Icon@2x.png"; sourceTree = "<group>"; };
		51875D201C695BC300472165 /* iTunesArtwork.png */ = {isa = PBXFileReference; lastKnownFileType = image.png; path = iTunesArtwork.png; sourceTree = "<group>"; };
		51875D211C695BC300472165 /* iTunesArtwork@2x.png */ = {isa = PBXFileReference; lastKnownFileType = image.png; path = "iTunesArtwork@2x.png"; sourceTree = "<group>"; };
		51875D221C695BC300472165 /* README.md */ = {isa = PBXFileReference; fileEncoding = 4; lastKnownFileType = net.daringfireball.markdown; path = README.md; sourceTree = "<group>"; };
		51875D391C695DD100472165 /* Title-ARchitect-Web Banner.png */ = {isa = PBXFileReference; lastKnownFileType = image.png; path = "Title-ARchitect-Web Banner.png"; sourceTree = "<group>"; };
		519249C21CA9B3F60057846A /* DetectButton@2x.png */ = {isa = PBXFileReference; lastKnownFileType = image.png; path = "DetectButton@2x.png"; sourceTree = "<group>"; };
		51A1412B1C59F78F00B2F5E9 /* PocketRoomTest.app */ = {isa = PBXFileReference; explicitFileType = wrapper.application; includeInIndex = 0; path = PocketRoomTest.app; sourceTree = BUILT_PRODUCTS_DIR; };
		51A1412F1C59F78F00B2F5E9 /* main.m */ = {isa = PBXFileReference; lastKnownFileType = sourcecode.c.objc; path = main.m; sourceTree = "<group>"; };
		51A141311C59F78F00B2F5E9 /* AppDelegate.h */ = {isa = PBXFileReference; lastKnownFileType = sourcecode.c.h; path = AppDelegate.h; sourceTree = "<group>"; };
		51A141321C59F78F00B2F5E9 /* AppDelegate.m */ = {isa = PBXFileReference; lastKnownFileType = sourcecode.c.objc; path = AppDelegate.m; sourceTree = "<group>"; };
		51A141381C59F78F00B2F5E9 /* Base */ = {isa = PBXFileReference; lastKnownFileType = file.storyboard; name = Base; path = Base.lproj/Main.storyboard; sourceTree = "<group>"; };
		51A1413A1C59F78F00B2F5E9 /* Assets.xcassets */ = {isa = PBXFileReference; lastKnownFileType = folder.assetcatalog; path = Assets.xcassets; sourceTree = "<group>"; };
		51A1413D1C59F79000B2F5E9 /* Base */ = {isa = PBXFileReference; lastKnownFileType = file.storyboard; name = Base; path = Base.lproj/LaunchScreen.storyboard; sourceTree = "<group>"; };
		51A1413F1C59F79000B2F5E9 /* Info.plist */ = {isa = PBXFileReference; lastKnownFileType = text.plist.xml; path = Info.plist; sourceTree = "<group>"; };
		51A141441C59F79000B2F5E9 /* PRTest3Tests.xctest */ = {isa = PBXFileReference; explicitFileType = wrapper.cfbundle; includeInIndex = 0; path = PRTest3Tests.xctest; sourceTree = BUILT_PRODUCTS_DIR; };
		51A141481C59F79000B2F5E9 /* PRTest3Tests.m */ = {isa = PBXFileReference; lastKnownFileType = sourcecode.c.objc; path = PRTest3Tests.m; sourceTree = "<group>"; };
		51A1414A1C59F79000B2F5E9 /* Info.plist */ = {isa = PBXFileReference; lastKnownFileType = text.plist.xml; path = Info.plist; sourceTree = "<group>"; };
		51A1414F1C59F79000B2F5E9 /* PRTest3UITests.xctest */ = {isa = PBXFileReference; explicitFileType = wrapper.cfbundle; includeInIndex = 0; path = PRTest3UITests.xctest; sourceTree = BUILT_PRODUCTS_DIR; };
		51A141531C59F79000B2F5E9 /* PRTest3UITests.m */ = {isa = PBXFileReference; lastKnownFileType = sourcecode.c.objc; path = PRTest3UITests.m; sourceTree = "<group>"; };
		51A141551C59F79000B2F5E9 /* Info.plist */ = {isa = PBXFileReference; lastKnownFileType = text.plist.xml; path = Info.plist; sourceTree = "<group>"; };
		51A141611C5A009400B2F5E9 /* MessageUI.framework */ = {isa = PBXFileReference; lastKnownFileType = wrapper.framework; name = MessageUI.framework; path = System/Library/Frameworks/MessageUI.framework; sourceTree = SDKROOT; };
		51A141631C5A009E00B2F5E9 /* CoreImage.framework */ = {isa = PBXFileReference; lastKnownFileType = wrapper.framework; name = CoreImage.framework; path = System/Library/Frameworks/CoreImage.framework; sourceTree = SDKROOT; };
		51A141651C5A00A600B2F5E9 /* QuartzCore.framework */ = {isa = PBXFileReference; lastKnownFileType = wrapper.framework; name = QuartzCore.framework; path = System/Library/Frameworks/QuartzCore.framework; sourceTree = SDKROOT; };
		51A141671C5A00AD00B2F5E9 /* Accelerate.framework */ = {isa = PBXFileReference; lastKnownFileType = wrapper.framework; name = Accelerate.framework; path = System/Library/Frameworks/Accelerate.framework; sourceTree = SDKROOT; };
		51A141691C5A00B800B2F5E9 /* CoreGraphics.framework */ = {isa = PBXFileReference; lastKnownFileType = wrapper.framework; name = CoreGraphics.framework; path = System/Library/Frameworks/CoreGraphics.framework; sourceTree = SDKROOT; };
		51A1416B1C5A00C400B2F5E9 /* CoreMedia.framework */ = {isa = PBXFileReference; lastKnownFileType = wrapper.framework; name = CoreMedia.framework; path = System/Library/Frameworks/CoreMedia.framework; sourceTree = SDKROOT; };
		51A1416D1C5A00CB00B2F5E9 /* CoreVideo.framework */ = {isa = PBXFileReference; lastKnownFileType = wrapper.framework; name = CoreVideo.framework; path = System/Library/Frameworks/CoreVideo.framework; sourceTree = SDKROOT; };
		51A1416F1C5A00D200B2F5E9 /* AVFoundation.framework */ = {isa = PBXFileReference; lastKnownFileType = wrapper.framework; name = AVFoundation.framework; path = System/Library/Frameworks/AVFoundation.framework; sourceTree = SDKROOT; };
		51A141711C5A00DA00B2F5E9 /* OpenGLES.framework */ = {isa = PBXFileReference; lastKnownFileType = wrapper.framework; name = OpenGLES.framework; path = System/Library/Frameworks/OpenGLES.framework; sourceTree = SDKROOT; };
		51A141731C5A00E300B2F5E9 /* ExternalAccessory.framework */ = {isa = PBXFileReference; lastKnownFileType = wrapper.framework; name = ExternalAccessory.framework; path = System/Library/Frameworks/ExternalAccessory.framework; sourceTree = SDKROOT; };
		51A141751C5A00EA00B2F5E9 /* UIKit.framework */ = {isa = PBXFileReference; lastKnownFileType = wrapper.framework; name = UIKit.framework; path = System/Library/Frameworks/UIKit.framework; sourceTree = SDKROOT; };
		51A141771C5A00F000B2F5E9 /* Foundation.framework */ = {isa = PBXFileReference; lastKnownFileType = wrapper.framework; name = Foundation.framework; path = System/Library/Frameworks/Foundation.framework; sourceTree = SDKROOT; };
		51A141791C5A00FB00B2F5E9 /* GLKit.framework */ = {isa = PBXFileReference; lastKnownFileType = wrapper.framework; name = GLKit.framework; path = System/Library/Frameworks/GLKit.framework; sourceTree = SDKROOT; };
		51A1417B1C5A010400B2F5E9 /* ImageIO.framework */ = {isa = PBXFileReference; lastKnownFileType = wrapper.framework; name = ImageIO.framework; path = System/Library/Frameworks/ImageIO.framework; sourceTree = SDKROOT; };
		51A1417D1C5A010B00B2F5E9 /* CoreMotion.framework */ = {isa = PBXFileReference; lastKnownFileType = wrapper.framework; name = CoreMotion.framework; path = System/Library/Frameworks/CoreMotion.framework; sourceTree = SDKROOT; };
		51A1417F1C5A012600B2F5E9 /* Structure.framework */ = {isa = PBXFileReference; lastKnownFileType = wrapper.framework; name = Structure.framework; path = Frameworks/Structure.framework; sourceTree = "<group>"; };
		51A141811C5A013700B2F5E9 /* libz.tbd */ = {isa = PBXFileReference; lastKnownFileType = "sourcecode.text-based-dylib-definition"; name = libz.tbd; path = usr/lib/libz.tbd; sourceTree = SDKROOT; };
		51A141861C5A8E9900B2F5E9 /* CalibrationOverlay.h */ = {isa = PBXFileReference; fileEncoding = 4; lastKnownFileType = sourcecode.c.h; path = CalibrationOverlay.h; sourceTree = "<group>"; };
		51A141871C5A8E9900B2F5E9 /* CalibrationOverlay.mm */ = {isa = PBXFileReference; fileEncoding = 4; lastKnownFileType = sourcecode.cpp.objcpp; path = CalibrationOverlay.mm; sourceTree = "<group>"; };
		51A141881C5A8E9900B2F5E9 /* CustomShaders.h */ = {isa = PBXFileReference; fileEncoding = 4; lastKnownFileType = sourcecode.c.h; path = CustomShaders.h; sourceTree = "<group>"; };
		51A141891C5A8E9900B2F5E9 /* CustomShaders.mm */ = {isa = PBXFileReference; fileEncoding = 4; lastKnownFileType = sourcecode.cpp.objcpp; path = CustomShaders.mm; sourceTree = "<group>"; };
		51A1418A1C5A8E9900B2F5E9 /* CustomUIKitStyles.h */ = {isa = PBXFileReference; fileEncoding = 4; lastKnownFileType = sourcecode.c.h; path = CustomUIKitStyles.h; sourceTree = "<group>"; };
		51A1418B1C5A8E9900B2F5E9 /* CustomUIKitStyles.mm */ = {isa = PBXFileReference; fileEncoding = 4; lastKnownFileType = sourcecode.cpp.objcpp; path = CustomUIKitStyles.mm; sourceTree = "<group>"; };
		51A1418C1C5A8E9900B2F5E9 /* EAGLView.h */ = {isa = PBXFileReference; fileEncoding = 4; lastKnownFileType = sourcecode.c.h; path = EAGLView.h; sourceTree = "<group>"; };
		51A1418D1C5A8E9900B2F5E9 /* EAGLView.mm */ = {isa = PBXFileReference; fileEncoding = 4; lastKnownFileType = sourcecode.cpp.objcpp; path = EAGLView.mm; sourceTree = "<group>"; };
		51A1418F1C5A8E9900B2F5E9 /* GraphicsRenderer.h */ = {isa = PBXFileReference; fileEncoding = 4; lastKnownFileType = sourcecode.c.h; path = GraphicsRenderer.h; sourceTree = "<group>"; };
		51A141901C5A8E9900B2F5E9 /* GraphicsRenderer.mm */ = {isa = PBXFileReference; fileEncoding = 4; lastKnownFileType = sourcecode.cpp.objcpp; path = GraphicsRenderer.mm; sourceTree = "<group>"; };
		51A141911C5A8E9900B2F5E9 /* Joystick.h */ = {isa = PBXFileReference; fileEncoding = 4; lastKnownFileType = sourcecode.c.h; path = Joystick.h; sourceTree = "<group>"; };
		51A141921C5A8E9900B2F5E9 /* Joystick.mm */ = {isa = PBXFileReference; fileEncoding = 4; lastKnownFileType = sourcecode.cpp.objcpp; path = Joystick.mm; sourceTree = "<group>"; };
		51A141931C5A8E9900B2F5E9 /* measurementTape.png */ = {isa = PBXFileReference; lastKnownFileType = image.png; path = measurementTape.png; sourceTree = "<group>"; };
		51A141941C5A8E9900B2F5E9 /* MeshRenderer.h */ = {isa = PBXFileReference; fileEncoding = 4; lastKnownFileType = sourcecode.c.h; path = MeshRenderer.h; sourceTree = "<group>"; };
		51A141951C5A8E9900B2F5E9 /* MeshRenderer.mm */ = {isa = PBXFileReference; fileEncoding = 4; lastKnownFileType = sourcecode.cpp.objcpp; path = MeshRenderer.mm; sourceTree = "<group>"; };
		51A141971C5A8E9A00B2F5E9 /* MeshViewController.h */ = {isa = PBXFileReference; fileEncoding = 4; lastKnownFileType = sourcecode.c.h; path = MeshViewController.h; sourceTree = "<group>"; };
		51A141981C5A8E9A00B2F5E9 /* MeshViewController.mm */ = {isa = PBXFileReference; fileEncoding = 4; lastKnownFileType = sourcecode.cpp.objcpp; path = MeshViewController.mm; sourceTree = "<group>"; };
		51A141991C5A8E9A00B2F5E9 /* ScanViewController.h */ = {isa = PBXFileReference; fileEncoding = 4; lastKnownFileType = sourcecode.c.h; name = ScanViewController.h; path = PRTest3/ScanViewController.h; sourceTree = SOURCE_ROOT; };
		51A1419A1C5A8E9A00B2F5E9 /* ScanViewController.mm */ = {isa = PBXFileReference; fileEncoding = 4; lastKnownFileType = sourcecode.cpp.objcpp; name = ScanViewController.mm; path = PRTest3/ScanViewController.mm; sourceTree = SOURCE_ROOT; };
		51A1419B1C5A8E9A00B2F5E9 /* ScanViewController+Camera.h */ = {isa = PBXFileReference; fileEncoding = 4; lastKnownFileType = sourcecode.c.h; path = "ScanViewController+Camera.h"; sourceTree = "<group>"; };
		51A1419C1C5A8E9A00B2F5E9 /* ScanViewController+Camera.mm */ = {isa = PBXFileReference; fileEncoding = 4; lastKnownFileType = sourcecode.cpp.objcpp; path = "ScanViewController+Camera.mm"; sourceTree = "<group>"; };
		51A1419D1C5A8E9A00B2F5E9 /* ScanViewController+OpenGL.h */ = {isa = PBXFileReference; fileEncoding = 4; lastKnownFileType = sourcecode.c.h; path = "ScanViewController+OpenGL.h"; sourceTree = "<group>"; };
		51A1419E1C5A8E9A00B2F5E9 /* ScanViewController+OpenGL.mm */ = {isa = PBXFileReference; fileEncoding = 4; lastKnownFileType = sourcecode.cpp.objcpp; path = "ScanViewController+OpenGL.mm"; sourceTree = "<group>"; };
		51A1419F1C5A8E9A00B2F5E9 /* ScanViewController+Sensor.h */ = {isa = PBXFileReference; fileEncoding = 4; lastKnownFileType = sourcecode.c.h; path = "ScanViewController+Sensor.h"; sourceTree = "<group>"; };
		51A141A01C5A8E9A00B2F5E9 /* ScanViewController+Sensor.mm */ = {isa = PBXFileReference; fileEncoding = 4; lastKnownFileType = sourcecode.cpp.objcpp; path = "ScanViewController+Sensor.mm"; sourceTree = "<group>"; };
		51A141A11C5A8E9A00B2F5E9 /* ScanViewController+SLAM.h */ = {isa = PBXFileReference; fileEncoding = 4; lastKnownFileType = sourcecode.c.h; path = "ScanViewController+SLAM.h"; sourceTree = "<group>"; };
		51A141A21C5A8E9A00B2F5E9 /* ScanViewController+SLAM.mm */ = {isa = PBXFileReference; fileEncoding = 4; lastKnownFileType = sourcecode.cpp.objcpp; path = "ScanViewController+SLAM.mm"; sourceTree = "<group>"; };
		51A141A31C5A8E9A00B2F5E9 /* ViewpointController.h */ = {isa = PBXFileReference; fileEncoding = 4; lastKnownFileType = sourcecode.c.h; path = ViewpointController.h; sourceTree = "<group>"; };
		51A141A41C5A8E9A00B2F5E9 /* ViewpointController.mm */ = {isa = PBXFileReference; fileEncoding = 4; lastKnownFileType = sourcecode.cpp.objcpp; path = ViewpointController.mm; sourceTree = "<group>"; };
		51A141B61C5A90E900B2F5E9 /* PRTest3-Prefix.pch */ = {isa = PBXFileReference; lastKnownFileType = sourcecode.c.h; path = "PRTest3-Prefix.pch"; sourceTree = SOURCE_ROOT; };
		51A141D21C5AB20900B2F5E9 /* calibration.png */ = {isa = PBXFileReference; lastKnownFileType = image.png; path = calibration.png; sourceTree = "<group>"; };
		51A141D31C5AB20900B2F5E9 /* Default-568h@2x.png */ = {isa = PBXFileReference; lastKnownFileType = image.png; path = "Default-568h@2x.png"; sourceTree = "<group>"; };
		51A141D41C5AB20900B2F5E9 /* Default-Landscape@2x~ipad.png */ = {isa = PBXFileReference; lastKnownFileType = image.png; path = "Default-Landscape@2x~ipad.png"; sourceTree = "<group>"; };
		51A141D51C5AB20900B2F5E9 /* Default-Landscape~ipad.png */ = {isa = PBXFileReference; lastKnownFileType = image.png; path = "Default-Landscape~ipad.png"; sourceTree = "<group>"; };
		51A141D61C5AB20900B2F5E9 /* Default@2x.png */ = {isa = PBXFileReference; lastKnownFileType = image.png; path = "Default@2x.png"; sourceTree = "<group>"; };
		51A141D71C5AB20900B2F5E9 /* doneButton@2x.png */ = {isa = PBXFileReference; lastKnownFileType = image.png; path = "doneButton@2x.png"; sourceTree = "<group>"; };
		51A141D81C5AB20900B2F5E9 /* innerCircle@2x.png */ = {isa = PBXFileReference; lastKnownFileType = image.png; path = "innerCircle@2x.png"; sourceTree = "<group>"; };
		51A141D91C5AB20900B2F5E9 /* measurementTape.png */ = {isa = PBXFileReference; lastKnownFileType = image.png; path = measurementTape.png; sourceTree = "<group>"; };
		51A141DA1C5AB20900B2F5E9 /* outerCircle@2x.png */ = {isa = PBXFileReference; lastKnownFileType = image.png; path = "outerCircle@2x.png"; sourceTree = "<group>"; };
		51A141DB1C5AB20900B2F5E9 /* resetScanButton@2x.png */ = {isa = PBXFileReference; lastKnownFileType = image.png; path = "resetScanButton@2x.png"; sourceTree = "<group>"; };
		51A141DC1C5AB20900B2F5E9 /* Splash.png */ = {isa = PBXFileReference; lastKnownFileType = image.png; path = Splash.png; sourceTree = "<group>"; };
		51A141DD1C5AB20900B2F5E9 /* startScanButton@2x.png */ = {isa = PBXFileReference; lastKnownFileType = image.png; path = "startScanButton@2x.png"; sourceTree = "<group>"; };
		51A141F11C5AD72900B2F5E9 /* ViewController.h */ = {isa = PBXFileReference; fileEncoding = 4; lastKnownFileType = sourcecode.c.h; path = ViewController.h; sourceTree = "<group>"; };
		51A141F21C5AD72900B2F5E9 /* ViewController.m */ = {isa = PBXFileReference; fileEncoding = 4; lastKnownFileType = sourcecode.c.objc; path = ViewController.m; sourceTree = "<group>"; };
		51B4305B1C62ADC600005952 /* LoadViewController.h */ = {isa = PBXFileReference; fileEncoding = 4; lastKnownFileType = sourcecode.c.h; name = LoadViewController.h; path = PRTest3/LoadViewController.h; sourceTree = SOURCE_ROOT; };
		51B4305C1C62ADE000005952 /* LoadViewController.m */ = {isa = PBXFileReference; fileEncoding = 4; lastKnownFileType = sourcecode.c.objc; name = LoadViewController.m; path = PRTest3/LoadViewController.m; sourceTree = SOURCE_ROOT; };
		51B430601C62AE6000005952 /* GLUtils.h */ = {isa = PBXFileReference; fileEncoding = 4; lastKnownFileType = sourcecode.c.h; path = GLUtils.h; sourceTree = "<group>"; };
		51B430611C62AE6000005952 /* GLUtils.m */ = {isa = PBXFileReference; fileEncoding = 4; lastKnownFileType = sourcecode.c.objc; path = GLUtils.m; sourceTree = "<group>"; };
		51B430621C62AE6000005952 /* GLView.h */ = {isa = PBXFileReference; fileEncoding = 4; lastKnownFileType = sourcecode.c.h; path = GLView.h; sourceTree = "<group>"; };
		51B430631C62AE6000005952 /* GLView.m */ = {isa = PBXFileReference; fileEncoding = 4; lastKnownFileType = sourcecode.c.objc; path = GLView.m; sourceTree = "<group>"; };
		51B430651C62AE6000005952 /* GLImage.h */ = {isa = PBXFileReference; fileEncoding = 4; lastKnownFileType = sourcecode.c.h; path = GLImage.h; sourceTree = "<group>"; };
		51B430661C62AE6000005952 /* GLImage.m */ = {isa = PBXFileReference; fileEncoding = 4; lastKnownFileType = sourcecode.c.objc; path = GLImage.m; sourceTree = "<group>"; };
		51B430671C62AE6000005952 /* GLImageMap.h */ = {isa = PBXFileReference; fileEncoding = 4; lastKnownFileType = sourcecode.c.h; path = GLImageMap.h; sourceTree = "<group>"; };
		51B430681C62AE6000005952 /* GLImageMap.m */ = {isa = PBXFileReference; fileEncoding = 4; lastKnownFileType = sourcecode.c.objc; path = GLImageMap.m; sourceTree = "<group>"; };
		51B430691C62AE6000005952 /* GLImageView.h */ = {isa = PBXFileReference; fileEncoding = 4; lastKnownFileType = sourcecode.c.h; path = GLImageView.h; sourceTree = "<group>"; };
		51B4306A1C62AE6000005952 /* GLImageView.m */ = {isa = PBXFileReference; fileEncoding = 4; lastKnownFileType = sourcecode.c.objc; path = GLImageView.m; sourceTree = "<group>"; };
		51B4306C1C62AE6000005952 /* GLLight.h */ = {isa = PBXFileReference; fileEncoding = 4; lastKnownFileType = sourcecode.c.h; path = GLLight.h; sourceTree = "<group>"; };
		51B4306D1C62AE6000005952 /* GLLight.m */ = {isa = PBXFileReference; fileEncoding = 4; lastKnownFileType = sourcecode.c.objc; path = GLLight.m; sourceTree = "<group>"; };
		51B4306E1C62AE6000005952 /* GLModel.h */ = {isa = PBXFileReference; fileEncoding = 4; lastKnownFileType = sourcecode.c.h; path = GLModel.h; sourceTree = "<group>"; };
		51B4306F1C62AE6000005952 /* GLModel.m */ = {isa = PBXFileReference; fileEncoding = 4; lastKnownFileType = sourcecode.c.objc; path = GLModel.m; sourceTree = "<group>"; };
		51B430701C62AE6000005952 /* GLModelView.h */ = {isa = PBXFileReference; fileEncoding = 4; lastKnownFileType = sourcecode.c.h; path = GLModelView.h; sourceTree = "<group>"; };
		51B430711C62AE6000005952 /* GLModelView.m */ = {isa = PBXFileReference; fileEncoding = 4; lastKnownFileType = sourcecode.c.objc; path = GLModelView.m; sourceTree = "<group>"; };
		51B4307B1C62CC3400005952 /* chair.tga */ = {isa = PBXFileReference; lastKnownFileType = file; path = chair.tga; sourceTree = "<group>"; };
		51B4307C1C62CC3400005952 /* demon.png */ = {isa = PBXFileReference; lastKnownFileType = image.png; path = demon.png; sourceTree = "<group>"; };
		51B4307E1C62CC3400005952 /* chair.obj */ = {isa = PBXFileReference; fileEncoding = 4; lastKnownFileType = text; path = chair.obj; sourceTree = "<group>"; };
		51B4307F1C62CC3400005952 /* cube.obj */ = {isa = PBXFileReference; fileEncoding = 4; lastKnownFileType = text; path = cube.obj; sourceTree = "<group>"; };
		51B430801C62CC3400005952 /* demon.model */ = {isa = PBXFileReference; lastKnownFileType = file; path = demon.model; sourceTree = "<group>"; };
		51B430811C62CC3400005952 /* diamond.obj */ = {isa = PBXFileReference; fileEncoding = 4; lastKnownFileType = text; path = diamond.obj; sourceTree = "<group>"; };
		51B430821C62CC3400005952 /* quad.obj */ = {isa = PBXFileReference; fileEncoding = 4; lastKnownFileType = text; path = quad.obj; sourceTree = "<group>"; };
		51B430831C62CC3400005952 /* ship.obj */ = {isa = PBXFileReference; fileEncoding = 4; lastKnownFileType = text; path = ship.obj; sourceTree = "<group>"; };
		51B4308C1C62D7ED00005952 /* capsule.obj */ = {isa = PBXFileReference; fileEncoding = 4; lastKnownFileType = text; path = capsule.obj; sourceTree = "<group>"; };
		51B4308E1C62D7FB00005952 /* capsule.mtl */ = {isa = PBXFileReference; fileEncoding = 4; lastKnownFileType = text; path = capsule.mtl; sourceTree = "<group>"; };
		51B4308F1C62D7FB00005952 /* capsule0.jpg */ = {isa = PBXFileReference; lastKnownFileType = image.jpeg; path = capsule0.jpg; sourceTree = "<group>"; };
		51CFCFB91C72B8A0003D8C26 /* Model.obj */ = {isa = PBXFileReference; fileEncoding = 4; lastKnownFileType = text; path = Model.obj; sourceTree = "<group>"; };
		51CFCFBC1C72B8AA003D8C26 /* Model.mtl */ = {isa = PBXFileReference; fileEncoding = 4; lastKnownFileType = text; path = Model.mtl; sourceTree = "<group>"; };
		51CFCFBF1C72B970003D8C26 /* 111.obj */ = {isa = PBXFileReference; fileEncoding = 4; lastKnownFileType = text; path = 111.obj; sourceTree = "<group>"; };
		51CFCFC11C72B9C8003D8C26 /* 111.jpg */ = {isa = PBXFileReference; lastKnownFileType = image.jpeg; path = 111.jpg; sourceTree = "<group>"; };
		51CFCFC21C72B9C8003D8C26 /* 111.mtl */ = {isa = PBXFileReference; fileEncoding = 4; lastKnownFileType = text; path = 111.mtl; sourceTree = "<group>"; };
		51CFCFD11C73D228003D8C26 /* Model.jpg */ = {isa = PBXFileReference; lastKnownFileType = image.jpeg; path = Model.jpg; sourceTree = "<group>"; };
		51E7CC451C6007D80046793C /* Images.xcassets */ = {isa = PBXFileReference; lastKnownFileType = folder.assetcatalog; path = Images.xcassets; sourceTree = "<group>"; };
/* End PBXFileReference section */

/* Begin PBXFrameworksBuildPhase section */
		51A141281C59F78F00B2F5E9 /* Frameworks */ = {
			isa = PBXFrameworksBuildPhase;
			buildActionMask = 2147483647;
			files = (
				51A141821C5A013700B2F5E9 /* libz.tbd in Frameworks */,
				51A141801C5A012600B2F5E9 /* Structure.framework in Frameworks */,
				51A1417E1C5A010B00B2F5E9 /* CoreMotion.framework in Frameworks */,
				51A1417C1C5A010400B2F5E9 /* ImageIO.framework in Frameworks */,
				51A1417A1C5A00FB00B2F5E9 /* GLKit.framework in Frameworks */,
				51A141781C5A00F000B2F5E9 /* Foundation.framework in Frameworks */,
				51A141761C5A00EA00B2F5E9 /* UIKit.framework in Frameworks */,
				51A141741C5A00E300B2F5E9 /* ExternalAccessory.framework in Frameworks */,
				51A141721C5A00DA00B2F5E9 /* OpenGLES.framework in Frameworks */,
				51A141701C5A00D200B2F5E9 /* AVFoundation.framework in Frameworks */,
				51A1416E1C5A00CB00B2F5E9 /* CoreVideo.framework in Frameworks */,
				51A1416C1C5A00C400B2F5E9 /* CoreMedia.framework in Frameworks */,
				51A1416A1C5A00B800B2F5E9 /* CoreGraphics.framework in Frameworks */,
				51A141681C5A00AD00B2F5E9 /* Accelerate.framework in Frameworks */,
				51A141661C5A00A600B2F5E9 /* QuartzCore.framework in Frameworks */,
				51A141641C5A009E00B2F5E9 /* CoreImage.framework in Frameworks */,
				51A141621C5A009400B2F5E9 /* MessageUI.framework in Frameworks */,
			);
			runOnlyForDeploymentPostprocessing = 0;
		};
		51A141411C59F79000B2F5E9 /* Frameworks */ = {
			isa = PBXFrameworksBuildPhase;
			buildActionMask = 2147483647;
			files = (
			);
			runOnlyForDeploymentPostprocessing = 0;
		};
		51A1414C1C59F79000B2F5E9 /* Frameworks */ = {
			isa = PBXFrameworksBuildPhase;
			buildActionMask = 2147483647;
			files = (
			);
			runOnlyForDeploymentPostprocessing = 0;
		};
/* End PBXFrameworksBuildPhase section */

/* Begin PBXGroup section */
		510382B21C867905005C9BDB /* ScanViewController_Group */ = {
			isa = PBXGroup;
			children = (
				51A141991C5A8E9A00B2F5E9 /* ScanViewController.h */,
				51A1419A1C5A8E9A00B2F5E9 /* ScanViewController.mm */,
				51A1419B1C5A8E9A00B2F5E9 /* ScanViewController+Camera.h */,
				51A1419C1C5A8E9A00B2F5E9 /* ScanViewController+Camera.mm */,
				51A1419D1C5A8E9A00B2F5E9 /* ScanViewController+OpenGL.h */,
				51A1419E1C5A8E9A00B2F5E9 /* ScanViewController+OpenGL.mm */,
				51A1419F1C5A8E9A00B2F5E9 /* ScanViewController+Sensor.h */,
				51A141A01C5A8E9A00B2F5E9 /* ScanViewController+Sensor.mm */,
				51A141A11C5A8E9A00B2F5E9 /* ScanViewController+SLAM.h */,
				51A141A21C5A8E9A00B2F5E9 /* ScanViewController+SLAM.mm */,
			);
			name = ScanViewController_Group;
			sourceTree = "<group>";
		};
		510382C31C867D31005C9BDB /* ObjViewController_Group */ = {
			isa = PBXGroup;
			children = (
				510382B31C867D15005C9BDB /* ObjViewController.h */,
				510382B41C867D15005C9BDB /* ObjViewController.mm */,
				510382B51C867D15005C9BDB /* ObjViewController+Camera.h */,
				510382B61C867D15005C9BDB /* ObjViewController+Camera.mm */,
				510382B71C867D15005C9BDB /* ObjViewController+OpenGL.h */,
				510382B81C867D15005C9BDB /* ObjViewController+OpenGL.mm */,
				510382B91C867D15005C9BDB /* ObjViewController+Sensor.h */,
				510382BA1C867D15005C9BDB /* ObjViewController+Sensor.mm */,
				510382BB1C867D15005C9BDB /* ObjViewController+SLAM.h */,
				510382BC1C867D15005C9BDB /* ObjViewController+SLAM.mm */,
				510382C71C867FD7005C9BDB /* ObjViewpointController.h */,
				510382C81C867FD7005C9BDB /* ObjViewpointController.mm */,
			);
			name = ObjViewController_Group;
			sourceTree = "<group>";
		};
		51875D0B1C695BC300472165 /* ios */ = {
			isa = PBXGroup;
			children = (
				51875D0C1C695BC300472165 /* AppIcon.appiconset */,
				51875D191C695BC300472165 /* Icon-60.png */,
				51875D1A1C695BC300472165 /* Icon-72.png */,
				51875D391C695DD100472165 /* Title-ARchitect-Web Banner.png */,
				51875D1B1C695BC300472165 /* Icon-72@2x.png */,
				51875D1C1C695BC300472165 /* Icon-Small-50.png */,
				51875D1D1C695BC300472165 /* Icon-Small-50@2x.png */,
				51875D1E1C695BC300472165 /* Icon.png */,
				51875D1F1C695BC300472165 /* Icon@2x.png */,
				51875D201C695BC300472165 /* iTunesArtwork.png */,
				51875D211C695BC300472165 /* iTunesArtwork@2x.png */,
				51875D221C695BC300472165 /* README.md */,
			);
			path = ios;
			sourceTree = "<group>";
		};
		51875D0C1C695BC300472165 /* AppIcon.appiconset */ = {
			isa = PBXGroup;
			children = (
				51875D0D1C695BC300472165 /* Contents.json */,
				51875D0E1C695BC300472165 /* Icon-40.png */,
				51875D0F1C695BC300472165 /* Icon-40@2x.png */,
				51875D101C695BC300472165 /* Icon-40@3x.png */,
				51875D111C695BC300472165 /* Icon-60@2x.png */,
				51875D121C695BC300472165 /* Icon-60@3x.png */,
				51875D131C695BC300472165 /* Icon-76.png */,
				51875D141C695BC300472165 /* Icon-76@2x.png */,
				51875D151C695BC300472165 /* Icon-83.5@2x.png */,
				51875D161C695BC300472165 /* Icon-Small.png */,
				51875D171C695BC300472165 /* Icon-Small@2x.png */,
				51875D181C695BC300472165 /* Icon-Small@3x.png */,
			);
			path = AppIcon.appiconset;
			sourceTree = "<group>";
		};
		51A141221C59F78F00B2F5E9 = {
			isa = PBXGroup;
			children = (
				0E7C6DAB1CB48D7B00B8F865 /* RoomCapture */,
				51A141831C5A014B00B2F5E9 /* Frameworks */,
				51A1412D1C59F78F00B2F5E9 /* PRTest3 */,
				51A141471C59F79000B2F5E9 /* PRTest3Tests */,
				51A141521C59F79000B2F5E9 /* PRTest3UITests */,
				51A1412C1C59F78F00B2F5E9 /* Products */,
			);
			sourceTree = "<group>";
		};
		51A1412C1C59F78F00B2F5E9 /* Products */ = {
			isa = PBXGroup;
			children = (
				51A1412B1C59F78F00B2F5E9 /* PocketRoomTest.app */,
				51A141441C59F79000B2F5E9 /* PRTest3Tests.xctest */,
				51A1414F1C59F79000B2F5E9 /* PRTest3UITests.xctest */,
			);
			name = Products;
			sourceTree = "<group>";
		};
		51A1412D1C59F78F00B2F5E9 /* PRTest3 */ = {
			isa = PBXGroup;
			children = (
				0E7C6DA21CB32F2F00B8F865 /* RotateGradientView.h */,
				0E7C6DA31CB32F2F00B8F865 /* RotateGradientView.m */,
				51B4307A1C62CC3400005952 /* TestImages */,
				51B4307D1C62CC3400005952 /* TestModels */,
				51B4305E1C62AE6000005952 /* GLView */,
				51A141D11C5AB20900B2F5E9 /* Graphics */,
				51A141B61C5A90E900B2F5E9 /* PRTest3-Prefix.pch */,
				51A141861C5A8E9900B2F5E9 /* CalibrationOverlay.h */,
				51A141871C5A8E9900B2F5E9 /* CalibrationOverlay.mm */,
				51A141881C5A8E9900B2F5E9 /* CustomShaders.h */,
				51A141891C5A8E9900B2F5E9 /* CustomShaders.mm */,
				51A1418A1C5A8E9900B2F5E9 /* CustomUIKitStyles.h */,
				51A1418B1C5A8E9900B2F5E9 /* CustomUIKitStyles.mm */,
				51A1418C1C5A8E9900B2F5E9 /* EAGLView.h */,
				51A1418D1C5A8E9900B2F5E9 /* EAGLView.mm */,
				51A1418F1C5A8E9900B2F5E9 /* GraphicsRenderer.h */,
				51A141901C5A8E9900B2F5E9 /* GraphicsRenderer.mm */,
				51A141911C5A8E9900B2F5E9 /* Joystick.h */,
				51A141921C5A8E9900B2F5E9 /* Joystick.mm */,
				51A141931C5A8E9900B2F5E9 /* measurementTape.png */,
				51A141941C5A8E9900B2F5E9 /* MeshRenderer.h */,
				51A141951C5A8E9900B2F5E9 /* MeshRenderer.mm */,
				51A141971C5A8E9A00B2F5E9 /* MeshViewController.h */,
				51A141981C5A8E9A00B2F5E9 /* MeshViewController.mm */,
				510382CA1C86C0FD005C9BDB /* MultiViewController.h */,
				510382CB1C86C0FD005C9BDB /* MultiViewController.m */,
				510382C41C867EED005C9BDB /* ObjMeshViewController.h */,
				510382C51C867EED005C9BDB /* ObjMeshViewController.mm */,
				510382C31C867D31005C9BDB /* ObjViewController_Group */,
				510382B21C867905005C9BDB /* ScanViewController_Group */,
				51A141A31C5A8E9A00B2F5E9 /* ViewpointController.h */,
				51A141A41C5A8E9A00B2F5E9 /* ViewpointController.mm */,
				51A141311C59F78F00B2F5E9 /* AppDelegate.h */,
				51A141321C59F78F00B2F5E9 /* AppDelegate.m */,
				51A141F11C5AD72900B2F5E9 /* ViewController.h */,
				51A141F21C5AD72900B2F5E9 /* ViewController.m */,
				51B4305B1C62ADC600005952 /* LoadViewController.h */,
				51B4305C1C62ADE000005952 /* LoadViewController.m */,
				51A141371C59F78F00B2F5E9 /* Main.storyboard */,
				51A1413A1C59F78F00B2F5E9 /* Assets.xcassets */,
				51A1413C1C59F79000B2F5E9 /* LaunchScreen.storyboard */,
				51A1413F1C59F79000B2F5E9 /* Info.plist */,
				51E7CC451C6007D80046793C /* Images.xcassets */,
				51A1412E1C59F78F00B2F5E9 /* Supporting Files */,
			);
			path = PRTest3;
			sourceTree = "<group>";
		};
		51A1412E1C59F78F00B2F5E9 /* Supporting Files */ = {
			isa = PBXGroup;
			children = (
				51A1412F1C59F78F00B2F5E9 /* main.m */,
			);
			name = "Supporting Files";
			sourceTree = "<group>";
		};
		51A141471C59F79000B2F5E9 /* PRTest3Tests */ = {
			isa = PBXGroup;
			children = (
				51A141481C59F79000B2F5E9 /* PRTest3Tests.m */,
				51A1414A1C59F79000B2F5E9 /* Info.plist */,
			);
			path = PRTest3Tests;
			sourceTree = "<group>";
		};
		51A141521C59F79000B2F5E9 /* PRTest3UITests */ = {
			isa = PBXGroup;
			children = (
				51A141531C59F79000B2F5E9 /* PRTest3UITests.m */,
				51A141551C59F79000B2F5E9 /* Info.plist */,
			);
			path = PRTest3UITests;
			sourceTree = "<group>";
		};
		51A141831C5A014B00B2F5E9 /* Frameworks */ = {
			isa = PBXGroup;
			children = (
				51A141811C5A013700B2F5E9 /* libz.tbd */,
				51A1417F1C5A012600B2F5E9 /* Structure.framework */,
				51A1417D1C5A010B00B2F5E9 /* CoreMotion.framework */,
				51A1417B1C5A010400B2F5E9 /* ImageIO.framework */,
				51A141791C5A00FB00B2F5E9 /* GLKit.framework */,
				51A141771C5A00F000B2F5E9 /* Foundation.framework */,
				51A141751C5A00EA00B2F5E9 /* UIKit.framework */,
				51A141731C5A00E300B2F5E9 /* ExternalAccessory.framework */,
				51A141711C5A00DA00B2F5E9 /* OpenGLES.framework */,
				51A1416F1C5A00D200B2F5E9 /* AVFoundation.framework */,
				51A1416D1C5A00CB00B2F5E9 /* CoreVideo.framework */,
				51A1416B1C5A00C400B2F5E9 /* CoreMedia.framework */,
				51A141691C5A00B800B2F5E9 /* CoreGraphics.framework */,
				51A141671C5A00AD00B2F5E9 /* Accelerate.framework */,
				51A141651C5A00A600B2F5E9 /* QuartzCore.framework */,
				51A141631C5A009E00B2F5E9 /* CoreImage.framework */,
				51A141611C5A009400B2F5E9 /* MessageUI.framework */,
			);
			name = Frameworks;
			sourceTree = "<group>";
		};
		51A141D11C5AB20900B2F5E9 /* Graphics */ = {
			isa = PBXGroup;
			children = (
				51875D0B1C695BC300472165 /* ios */,
				51A141D21C5AB20900B2F5E9 /* calibration.png */,
				51A141D31C5AB20900B2F5E9 /* Default-568h@2x.png */,
				51A141D41C5AB20900B2F5E9 /* Default-Landscape@2x~ipad.png */,
				51A141D51C5AB20900B2F5E9 /* Default-Landscape~ipad.png */,
				51A141D61C5AB20900B2F5E9 /* Default@2x.png */,
				519249C21CA9B3F60057846A /* DetectButton@2x.png */,
				51A141D71C5AB20900B2F5E9 /* doneButton@2x.png */,
				51A141D81C5AB20900B2F5E9 /* innerCircle@2x.png */,
				51A141D91C5AB20900B2F5E9 /* measurementTape.png */,
				51A141DA1C5AB20900B2F5E9 /* outerCircle@2x.png */,
				51A141DB1C5AB20900B2F5E9 /* resetScanButton@2x.png */,
				51A141DC1C5AB20900B2F5E9 /* Splash.png */,
				5144E5871C96A6C90005DF36 /* splashscreen.png */,
				51A141DD1C5AB20900B2F5E9 /* startScanButton@2x.png */,
			);
			path = Graphics;
			sourceTree = "<group>";
		};
		51B4305E1C62AE6000005952 /* GLView */ = {
			isa = PBXGroup;
			children = (
				51B4305F1C62AE6000005952 /* Core */,
				51B430641C62AE6000005952 /* Images */,
				51B4306B1C62AE6000005952 /* Models */,
			);
			path = GLView;
			sourceTree = "<group>";
		};
		51B4305F1C62AE6000005952 /* Core */ = {
			isa = PBXGroup;
			children = (
				51B430601C62AE6000005952 /* GLUtils.h */,
				51B430611C62AE6000005952 /* GLUtils.m */,
				51B430621C62AE6000005952 /* GLView.h */,
				51B430631C62AE6000005952 /* GLView.m */,
			);
			path = Core;
			sourceTree = "<group>";
		};
		51B430641C62AE6000005952 /* Images */ = {
			isa = PBXGroup;
			children = (
				51B430651C62AE6000005952 /* GLImage.h */,
				51B430661C62AE6000005952 /* GLImage.m */,
				51B430671C62AE6000005952 /* GLImageMap.h */,
				51B430681C62AE6000005952 /* GLImageMap.m */,
				51B430691C62AE6000005952 /* GLImageView.h */,
				51B4306A1C62AE6000005952 /* GLImageView.m */,
			);
			path = Images;
			sourceTree = "<group>";
		};
		51B4306B1C62AE6000005952 /* Models */ = {
			isa = PBXGroup;
			children = (
				51B4306C1C62AE6000005952 /* GLLight.h */,
				51B4306D1C62AE6000005952 /* GLLight.m */,
				51B4306E1C62AE6000005952 /* GLModel.h */,
				51B4306F1C62AE6000005952 /* GLModel.m */,
				51B430701C62AE6000005952 /* GLModelView.h */,
				51B430711C62AE6000005952 /* GLModelView.m */,
			);
			path = Models;
			sourceTree = "<group>";
		};
		51B4307A1C62CC3400005952 /* TestImages */ = {
			isa = PBXGroup;
			children = (
				0E7C6DA71CB451AC00B8F865 /* RoomModel.jpg */,
				0E7C6DA81CB451AC00B8F865 /* RoomModel.mtl */,
				51CFCFC11C72B9C8003D8C26 /* 111.jpg */,
				51CFCFC21C72B9C8003D8C26 /* 111.mtl */,
				51CFCFBC1C72B8AA003D8C26 /* Model.mtl */,
				51CFCFD11C73D228003D8C26 /* Model.jpg */,
				51B4308E1C62D7FB00005952 /* capsule.mtl */,
				51B4308F1C62D7FB00005952 /* capsule0.jpg */,
				51B4307B1C62CC3400005952 /* chair.tga */,
				51B4307C1C62CC3400005952 /* demon.png */,
			);
			path = TestImages;
			sourceTree = "<group>";
		};
		51B4307D1C62CC3400005952 /* TestModels */ = {
			isa = PBXGroup;
			children = (
				0E7C6DA51CB4519D00B8F865 /* RoomModel.obj */,
				51CFCFBF1C72B970003D8C26 /* 111.obj */,
				51CFCFB91C72B8A0003D8C26 /* Model.obj */,
				51B4307E1C62CC3400005952 /* chair.obj */,
				51B4307F1C62CC3400005952 /* cube.obj */,
				51B4308C1C62D7ED00005952 /* capsule.obj */,
				51B430801C62CC3400005952 /* demon.model */,
				51B430811C62CC3400005952 /* diamond.obj */,
				51B430821C62CC3400005952 /* quad.obj */,
				51B430831C62CC3400005952 /* ship.obj */,
			);
			path = TestModels;
			sourceTree = "<group>";
		};
/* End PBXGroup section */

/* Begin PBXNativeTarget section */
		51A1412A1C59F78F00B2F5E9 /* PRTest3 */ = {
			isa = PBXNativeTarget;
			buildConfigurationList = 51A141581C59F79000B2F5E9 /* Build configuration list for PBXNativeTarget "PRTest3" */;
			buildPhases = (
				51A141271C59F78F00B2F5E9 /* Sources */,
				51A141281C59F78F00B2F5E9 /* Frameworks */,
				51A141291C59F78F00B2F5E9 /* Resources */,
			);
			buildRules = (
			);
			dependencies = (
			);
			name = PRTest3;
			productName = PRTest3;
			productReference = 51A1412B1C59F78F00B2F5E9 /* PocketRoomTest.app */;
			productType = "com.apple.product-type.application";
		};
		51A141431C59F79000B2F5E9 /* PRTest3Tests */ = {
			isa = PBXNativeTarget;
			buildConfigurationList = 51A1415B1C59F79000B2F5E9 /* Build configuration list for PBXNativeTarget "PRTest3Tests" */;
			buildPhases = (
				51A141401C59F79000B2F5E9 /* Sources */,
				51A141411C59F79000B2F5E9 /* Frameworks */,
				51A141421C59F79000B2F5E9 /* Resources */,
			);
			buildRules = (
			);
			dependencies = (
				51A141461C59F79000B2F5E9 /* PBXTargetDependency */,
			);
			name = PRTest3Tests;
			productName = PRTest3Tests;
			productReference = 51A141441C59F79000B2F5E9 /* PRTest3Tests.xctest */;
			productType = "com.apple.product-type.bundle.unit-test";
		};
		51A1414E1C59F79000B2F5E9 /* PRTest3UITests */ = {
			isa = PBXNativeTarget;
			buildConfigurationList = 51A1415E1C59F79000B2F5E9 /* Build configuration list for PBXNativeTarget "PRTest3UITests" */;
			buildPhases = (
				51A1414B1C59F79000B2F5E9 /* Sources */,
				51A1414C1C59F79000B2F5E9 /* Frameworks */,
				51A1414D1C59F79000B2F5E9 /* Resources */,
			);
			buildRules = (
			);
			dependencies = (
				51A141511C59F79000B2F5E9 /* PBXTargetDependency */,
			);
			name = PRTest3UITests;
			productName = PRTest3UITests;
			productReference = 51A1414F1C59F79000B2F5E9 /* PRTest3UITests.xctest */;
			productType = "com.apple.product-type.bundle.ui-testing";
		};
/* End PBXNativeTarget section */

/* Begin PBXProject section */
		51A141231C59F78F00B2F5E9 /* Project object */ = {
			isa = PBXProject;
			attributes = {
				LastUpgradeCheck = 0720;
				ORGANIZATIONNAME = "Tsung-Yu Tsai";
				TargetAttributes = {
					51A1412A1C59F78F00B2F5E9 = {
						CreatedOnToolsVersion = 7.2;
						DevelopmentTeam = 5XMM3QCR4U;
					};
					51A141431C59F79000B2F5E9 = {
						CreatedOnToolsVersion = 7.2;
						TestTargetID = 51A1412A1C59F78F00B2F5E9;
					};
					51A1414E1C59F79000B2F5E9 = {
						CreatedOnToolsVersion = 7.2;
						TestTargetID = 51A1412A1C59F78F00B2F5E9;
					};
				};
			};
			buildConfigurationList = 51A141261C59F78F00B2F5E9 /* Build configuration list for PBXProject "PRTest3" */;
			compatibilityVersion = "Xcode 3.2";
			developmentRegion = English;
			hasScannedForEncodings = 0;
			knownRegions = (
				en,
				Base,
			);
			mainGroup = 51A141221C59F78F00B2F5E9;
			productRefGroup = 51A1412C1C59F78F00B2F5E9 /* Products */;
			projectDirPath = "";
			projectRoot = "";
			targets = (
				51A1412A1C59F78F00B2F5E9 /* PRTest3 */,
				51A141431C59F79000B2F5E9 /* PRTest3Tests */,
				51A1414E1C59F79000B2F5E9 /* PRTest3UITests */,
			);
		};
/* End PBXProject section */

/* Begin PBXResourcesBuildPhase section */
		51A141291C59F78F00B2F5E9 /* Resources */ = {
			isa = PBXResourcesBuildPhase;
			buildActionMask = 2147483647;
			files = (
				51B430891C62CC3400005952 /* diamond.obj in Resources */,
				51CFCFC31C72B9C8003D8C26 /* 111.jpg in Resources */,
				51875D351C695BC300472165 /* Icon@2x.png in Resources */,
				51875D2B1C695BC300472165 /* Icon-83.5@2x.png in Resources */,
				0E7C6DAA1CB451AC00B8F865 /* RoomModel.mtl in Resources */,
				51875D361C695BC300472165 /* iTunesArtwork.png in Resources */,
				51A141E51C5AB20900B2F5E9 /* measurementTape.png in Resources */,
				51B4308B1C62CC3400005952 /* ship.obj in Resources */,
				0E7C6DA61CB4519D00B8F865 /* RoomModel.obj in Resources */,
				51CFCFBA1C72B8A0003D8C26 /* Model.obj in Resources */,
				51A141EE1C5AB36600B2F5E9 /* calibration.png in Resources */,
				51875D2A1C695BC300472165 /* Icon-76@2x.png in Resources */,
				51875D251C695BC300472165 /* Icon-40@2x.png in Resources */,
				51875D231C695BC300472165 /* Contents.json in Resources */,
				51875D371C695BC300472165 /* iTunesArtwork@2x.png in Resources */,
				51CFCFC01C72B970003D8C26 /* 111.obj in Resources */,
				51CFCFC41C72B9C8003D8C26 /* 111.mtl in Resources */,
				51A141EC1C5AB35900B2F5E9 /* startScanButton@2x.png in Resources */,
				51875D311C695BC300472165 /* Icon-72@2x.png in Resources */,
				51B430911C62D7FB00005952 /* capsule0.jpg in Resources */,
				51875D321C695BC300472165 /* Icon-Small-50.png in Resources */,
				51875D271C695BC300472165 /* Icon-60@2x.png in Resources */,
				0E7C6DAC1CB48D7B00B8F865 /* RoomCapture in Resources */,
				51A141E41C5AB20900B2F5E9 /* innerCircle@2x.png in Resources */,
				51875D2D1C695BC300472165 /* Icon-Small@2x.png in Resources */,
				51875D281C695BC300472165 /* Icon-60@3x.png in Resources */,
				51875D261C695BC300472165 /* Icon-40@3x.png in Resources */,
				51A1413E1C59F79000B2F5E9 /* LaunchScreen.storyboard in Resources */,
				51B430861C62CC3400005952 /* chair.obj in Resources */,
				51A141AC1C5A8E9A00B2F5E9 /* measurementTape.png in Resources */,
				51B430851C62CC3400005952 /* demon.png in Resources */,
				51875D291C695BC300472165 /* Icon-76.png in Resources */,
				51CFCFD21C73D228003D8C26 /* Model.jpg in Resources */,
				51875D301C695BC300472165 /* Icon-72.png in Resources */,
				51A141EB1C5AB35400B2F5E9 /* resetScanButton@2x.png in Resources */,
				51B430881C62CC3400005952 /* demon.model in Resources */,
				51875D241C695BC300472165 /* Icon-40.png in Resources */,
				51A141E11C5AB20900B2F5E9 /* Default-Landscape~ipad.png in Resources */,
				51E7CC461C6007D80046793C /* Images.xcassets in Resources */,
				51875D2F1C695BC300472165 /* Icon-60.png in Resources */,
				0E7C6DA91CB451AC00B8F865 /* RoomModel.jpg in Resources */,
				5144E5881C96A6C90005DF36 /* splashscreen.png in Resources */,
				51B430901C62D7FB00005952 /* capsule.mtl in Resources */,
				51B430841C62CC3400005952 /* chair.tga in Resources */,
				51875D331C695BC300472165 /* Icon-Small-50@2x.png in Resources */,
				51A141E21C5AB20900B2F5E9 /* Default@2x.png in Resources */,
				51B4308A1C62CC3400005952 /* quad.obj in Resources */,
				51875D2E1C695BC300472165 /* Icon-Small@3x.png in Resources */,
				51875D341C695BC300472165 /* Icon.png in Resources */,
				51875D3A1C695DD100472165 /* Title-ARchitect-Web Banner.png in Resources */,
				51875D2C1C695BC300472165 /* Icon-Small.png in Resources */,
				519249C31CA9B3F60057846A /* DetectButton@2x.png in Resources */,
				51A1413B1C59F78F00B2F5E9 /* Assets.xcassets in Resources */,
				51CFCFBE1C72B8AA003D8C26 /* Model.mtl in Resources */,
				51A141E01C5AB20900B2F5E9 /* Default-Landscape@2x~ipad.png in Resources */,
				51B430871C62CC3400005952 /* cube.obj in Resources */,
				51A141EA1C5AB34700B2F5E9 /* doneButton@2x.png in Resources */,
				51A141E61C5AB20900B2F5E9 /* outerCircle@2x.png in Resources */,
				51A141DF1C5AB20900B2F5E9 /* Default-568h@2x.png in Resources */,
				51B4308D1C62D7ED00005952 /* capsule.obj in Resources */,
				51A141391C59F78F00B2F5E9 /* Main.storyboard in Resources */,
				51A141ED1C5AB35E00B2F5E9 /* Splash.png in Resources */,
			);
			runOnlyForDeploymentPostprocessing = 0;
		};
		51A141421C59F79000B2F5E9 /* Resources */ = {
			isa = PBXResourcesBuildPhase;
			buildActionMask = 2147483647;
			files = (
			);
			runOnlyForDeploymentPostprocessing = 0;
		};
		51A1414D1C59F79000B2F5E9 /* Resources */ = {
			isa = PBXResourcesBuildPhase;
			buildActionMask = 2147483647;
			files = (
			);
			runOnlyForDeploymentPostprocessing = 0;
		};
/* End PBXResourcesBuildPhase section */

/* Begin PBXSourcesBuildPhase section */
		51A141271C59F78F00B2F5E9 /* Sources */ = {
			isa = PBXSourcesBuildPhase;
			buildActionMask = 2147483647;
			files = (
				510382C01C867D15005C9BDB /* ObjViewController+Sensor.mm in Sources */,
				51A141F31C5AD72900B2F5E9 /* ViewController.m in Sources */,
				510382BF1C867D15005C9BDB /* ObjViewController+OpenGL.mm in Sources */,
				51A141AB1C5A8E9A00B2F5E9 /* Joystick.mm in Sources */,
				51B430781C62AE6000005952 /* GLModel.m in Sources */,
				51A141331C59F78F00B2F5E9 /* AppDelegate.m in Sources */,
				51B430741C62AE6000005952 /* GLImage.m in Sources */,
				0E7C6DA41CB32F2F00B8F865 /* RotateGradientView.m in Sources */,
				51A141301C59F78F00B2F5E9 /* main.m in Sources */,
				51B430751C62AE6000005952 /* GLImageMap.m in Sources */,
				51B430721C62AE6000005952 /* GLUtils.m in Sources */,
				51A141AA1C5A8E9A00B2F5E9 /* GraphicsRenderer.mm in Sources */,
				51A141B41C5A8E9A00B2F5E9 /* ScanViewController+SLAM.mm in Sources */,
				51A141B21C5A8E9A00B2F5E9 /* ScanViewController+OpenGL.mm in Sources */,
				51A141B01C5A8E9A00B2F5E9 /* ScanViewController.mm in Sources */,
				51B430731C62AE6000005952 /* GLView.m in Sources */,
				51A141AD1C5A8E9A00B2F5E9 /* MeshRenderer.mm in Sources */,
				51A141A61C5A8E9A00B2F5E9 /* CustomShaders.mm in Sources */,
				51875D381C695BC300472165 /* README.md in Sources */,
				510382C61C867EED005C9BDB /* ObjMeshViewController.mm in Sources */,
				51A141A51C5A8E9A00B2F5E9 /* CalibrationOverlay.mm in Sources */,
				510382C11C867D15005C9BDB /* ObjViewController+SLAM.mm in Sources */,
				51B430771C62AE6000005952 /* GLLight.m in Sources */,
				51A141B51C5A8E9A00B2F5E9 /* ViewpointController.mm in Sources */,
				510382C91C867FD7005C9BDB /* ObjViewpointController.mm in Sources */,
				51B430761C62AE6000005952 /* GLImageView.m in Sources */,
				51B430791C62AE6000005952 /* GLModelView.m in Sources */,
				510382BE1C867D15005C9BDB /* ObjViewController+Camera.mm in Sources */,
				51A141B31C5A8E9A00B2F5E9 /* ScanViewController+Sensor.mm in Sources */,
				51A141A71C5A8E9A00B2F5E9 /* CustomUIKitStyles.mm in Sources */,
				51A141A81C5A8E9A00B2F5E9 /* EAGLView.mm in Sources */,
				51A141B11C5A8E9A00B2F5E9 /* ScanViewController+Camera.mm in Sources */,
				51B4305D1C62ADE000005952 /* LoadViewController.m in Sources */,
				510382BD1C867D15005C9BDB /* ObjViewController.mm in Sources */,
				510382CC1C86C0FD005C9BDB /* MultiViewController.m in Sources */,
				51A141AF1C5A8E9A00B2F5E9 /* MeshViewController.mm in Sources */,
			);
			runOnlyForDeploymentPostprocessing = 0;
		};
		51A141401C59F79000B2F5E9 /* Sources */ = {
			isa = PBXSourcesBuildPhase;
			buildActionMask = 2147483647;
			files = (
				51A141491C59F79000B2F5E9 /* PRTest3Tests.m in Sources */,
			);
			runOnlyForDeploymentPostprocessing = 0;
		};
		51A1414B1C59F79000B2F5E9 /* Sources */ = {
			isa = PBXSourcesBuildPhase;
			buildActionMask = 2147483647;
			files = (
				51A141541C59F79000B2F5E9 /* PRTest3UITests.m in Sources */,
			);
			runOnlyForDeploymentPostprocessing = 0;
		};
/* End PBXSourcesBuildPhase section */

/* Begin PBXTargetDependency section */
		51A141461C59F79000B2F5E9 /* PBXTargetDependency */ = {
			isa = PBXTargetDependency;
			target = 51A1412A1C59F78F00B2F5E9 /* PRTest3 */;
			targetProxy = 51A141451C59F79000B2F5E9 /* PBXContainerItemProxy */;
		};
		51A141511C59F79000B2F5E9 /* PBXTargetDependency */ = {
			isa = PBXTargetDependency;
			target = 51A1412A1C59F78F00B2F5E9 /* PRTest3 */;
			targetProxy = 51A141501C59F79000B2F5E9 /* PBXContainerItemProxy */;
		};
/* End PBXTargetDependency section */

/* Begin PBXVariantGroup section */
		51A141371C59F78F00B2F5E9 /* Main.storyboard */ = {
			isa = PBXVariantGroup;
			children = (
				51A141381C59F78F00B2F5E9 /* Base */,
			);
			name = Main.storyboard;
			sourceTree = "<group>";
		};
		51A1413C1C59F79000B2F5E9 /* LaunchScreen.storyboard */ = {
			isa = PBXVariantGroup;
			children = (
				51A1413D1C59F79000B2F5E9 /* Base */,
			);
			name = LaunchScreen.storyboard;
			sourceTree = "<group>";
		};
/* End PBXVariantGroup section */

/* Begin XCBuildConfiguration section */
		51A141561C59F79000B2F5E9 /* Debug */ = {
			isa = XCBuildConfiguration;
			buildSettings = {
				ALWAYS_SEARCH_USER_PATHS = NO;
				CLANG_CXX_LANGUAGE_STANDARD = "gnu++0x";
				CLANG_CXX_LIBRARY = "libc++";
				CLANG_ENABLE_MODULES = YES;
				CLANG_ENABLE_OBJC_ARC = YES;
				CLANG_WARN_BOOL_CONVERSION = YES;
				CLANG_WARN_CONSTANT_CONVERSION = YES;
				CLANG_WARN_DIRECT_OBJC_ISA_USAGE = YES_ERROR;
				CLANG_WARN_EMPTY_BODY = YES;
				CLANG_WARN_ENUM_CONVERSION = YES;
				CLANG_WARN_INT_CONVERSION = YES;
				CLANG_WARN_OBJC_ROOT_CLASS = YES_ERROR;
				CLANG_WARN_UNREACHABLE_CODE = YES;
				CLANG_WARN__DUPLICATE_METHOD_MATCH = YES;
				"CODE_SIGN_IDENTITY[sdk=iphoneos*]" = "iPhone Developer";
				COPY_PHASE_STRIP = NO;
				DEBUG_INFORMATION_FORMAT = dwarf;
				ENABLE_BITCODE = NO;
				ENABLE_STRICT_OBJC_MSGSEND = YES;
				ENABLE_TESTABILITY = YES;
				GCC_C_LANGUAGE_STANDARD = "compiler-default";
				GCC_DYNAMIC_NO_PIC = NO;
				GCC_INPUT_FILETYPE = sourcecode.cpp.objcpp;
				GCC_NO_COMMON_BLOCKS = YES;
				GCC_OPTIMIZATION_LEVEL = 0;
				GCC_PREPROCESSOR_DEFINITIONS = (
					"DEBUG=1",
					"$(inherited)",
				);
				GCC_WARN_64_TO_32_BIT_CONVERSION = YES;
				GCC_WARN_ABOUT_RETURN_TYPE = YES_ERROR;
				GCC_WARN_UNDECLARED_SELECTOR = YES;
				GCC_WARN_UNINITIALIZED_AUTOS = YES_AGGRESSIVE;
				GCC_WARN_UNUSED_FUNCTION = YES;
				GCC_WARN_UNUSED_VARIABLE = YES;
				IPHONEOS_DEPLOYMENT_TARGET = 8.0;
				MTL_ENABLE_DEBUG_INFO = YES;
				ONLY_ACTIVE_ARCH = YES;
				SDKROOT = iphoneos;
				TARGETED_DEVICE_FAMILY = "1,2";
			};
			name = Debug;
		};
		51A141571C59F79000B2F5E9 /* Release */ = {
			isa = XCBuildConfiguration;
			buildSettings = {
				ALWAYS_SEARCH_USER_PATHS = NO;
				CLANG_CXX_LANGUAGE_STANDARD = "gnu++0x";
				CLANG_CXX_LIBRARY = "libc++";
				CLANG_ENABLE_MODULES = YES;
				CLANG_ENABLE_OBJC_ARC = YES;
				CLANG_WARN_BOOL_CONVERSION = YES;
				CLANG_WARN_CONSTANT_CONVERSION = YES;
				CLANG_WARN_DIRECT_OBJC_ISA_USAGE = YES_ERROR;
				CLANG_WARN_EMPTY_BODY = YES;
				CLANG_WARN_ENUM_CONVERSION = YES;
				CLANG_WARN_INT_CONVERSION = YES;
				CLANG_WARN_OBJC_ROOT_CLASS = YES_ERROR;
				CLANG_WARN_UNREACHABLE_CODE = YES;
				CLANG_WARN__DUPLICATE_METHOD_MATCH = YES;
				"CODE_SIGN_IDENTITY[sdk=iphoneos*]" = "iPhone Developer";
				COPY_PHASE_STRIP = NO;
				DEBUG_INFORMATION_FORMAT = "dwarf-with-dsym";
				ENABLE_BITCODE = NO;
				ENABLE_NS_ASSERTIONS = NO;
				ENABLE_STRICT_OBJC_MSGSEND = YES;
				GCC_C_LANGUAGE_STANDARD = "compiler-default";
				GCC_INPUT_FILETYPE = sourcecode.cpp.objcpp;
				GCC_NO_COMMON_BLOCKS = YES;
				GCC_WARN_64_TO_32_BIT_CONVERSION = YES;
				GCC_WARN_ABOUT_RETURN_TYPE = YES_ERROR;
				GCC_WARN_UNDECLARED_SELECTOR = YES;
				GCC_WARN_UNINITIALIZED_AUTOS = YES_AGGRESSIVE;
				GCC_WARN_UNUSED_FUNCTION = YES;
				GCC_WARN_UNUSED_VARIABLE = YES;
				IPHONEOS_DEPLOYMENT_TARGET = 8.0;
				MTL_ENABLE_DEBUG_INFO = NO;
				SDKROOT = iphoneos;
				TARGETED_DEVICE_FAMILY = "1,2";
				VALIDATE_PRODUCT = YES;
			};
			name = Release;
		};
		51A141591C59F79000B2F5E9 /* Debug */ = {
			isa = XCBuildConfiguration;
			buildSettings = {
				ASSETCATALOG_COMPILER_APPICON_NAME = AppIcon;
				ASSETCATALOG_COMPILER_LAUNCHIMAGE_NAME = "Brand Assets";
				CLANG_CXX_LANGUAGE_STANDARD = "gnu++0x";
				CLANG_CXX_LIBRARY = "libc++";
				CLANG_WARN_NULLABLE_TO_NONNULL_CONVERSION = NO;
				CODE_SIGN_IDENTITY = "iPhone Developer";
				"CODE_SIGN_IDENTITY[sdk=iphoneos*]" = "iPhone Developer";
				ENABLE_BITCODE = NO;
				FRAMEWORK_SEARCH_PATHS = (
					"$(inherited)",
					"$(PROJECT_DIR)/Frameworks",
				);
				GCC_C_LANGUAGE_STANDARD = "compiler-default";
				GCC_PRECOMPILE_PREFIX_HEADER = YES;
				GCC_PREFIX_HEADER = "$(SRCROOT)/PRTest3-Prefix.pch";
				GCC_WARN_PEDANTIC = NO;
				INFOPLIST_FILE = PRTest3/Info.plist;
				LD_RUNPATH_SEARCH_PATHS = "$(inherited) @executable_path/Frameworks";
				PRODUCT_BUNDLE_IDENTIFIER = QingMao.PRTestNew;
				PRODUCT_NAME = PocketRoomTest;
				PROVISIONING_PROFILE = "";
				RUN_CLANG_STATIC_ANALYZER = NO;
				WARNING_CFLAGS = "";
			};
			name = Debug;
		};
		51A1415A1C59F79000B2F5E9 /* Release */ = {
			isa = XCBuildConfiguration;
			buildSettings = {
				ASSETCATALOG_COMPILER_APPICON_NAME = AppIcon;
				ASSETCATALOG_COMPILER_LAUNCHIMAGE_NAME = "Brand Assets";
				CLANG_CXX_LANGUAGE_STANDARD = "gnu++0x";
				CLANG_CXX_LIBRARY = "libc++";
				CLANG_WARN_NULLABLE_TO_NONNULL_CONVERSION = NO;
				CODE_SIGN_IDENTITY = "iPhone Developer";
				"CODE_SIGN_IDENTITY[sdk=iphoneos*]" = "iPhone Developer";
				ENABLE_BITCODE = NO;
				FRAMEWORK_SEARCH_PATHS = (
					"$(inherited)",
					"$(PROJECT_DIR)/Frameworks",
				);
				GCC_C_LANGUAGE_STANDARD = "compiler-default";
				GCC_PRECOMPILE_PREFIX_HEADER = YES;
				GCC_PREFIX_HEADER = "$(SRCROOT)/PRTest3-Prefix.pch";
				GCC_WARN_PEDANTIC = NO;
				INFOPLIST_FILE = PRTest3/Info.plist;
				LD_RUNPATH_SEARCH_PATHS = "$(inherited) @executable_path/Frameworks";
				OTHER_CFLAGS = "";
				PRODUCT_BUNDLE_IDENTIFIER = QingMao.PRTestNew;
				PRODUCT_NAME = PocketRoomTest;
				PROVISIONING_PROFILE = "";
				RUN_CLANG_STATIC_ANALYZER = NO;
				WARNING_CFLAGS = "";
			};
			name = Release;
		};
		51A1415C1C59F79000B2F5E9 /* Debug */ = {
			isa = XCBuildConfiguration;
			buildSettings = {
				BUNDLE_LOADER = "$(TEST_HOST)";
				INFOPLIST_FILE = PRTest3Tests/Info.plist;
				LD_RUNPATH_SEARCH_PATHS = "$(inherited) @executable_path/Frameworks @loader_path/Frameworks";
				PRODUCT_BUNDLE_IDENTIFIER = QingMao.PRTest3Tests;
				PRODUCT_NAME = "$(TARGET_NAME)";
				TEST_HOST = "$(BUILT_PRODUCTS_DIR)/PRTest3.app/PRTest3";
			};
			name = Debug;
		};
		51A1415D1C59F79000B2F5E9 /* Release */ = {
			isa = XCBuildConfiguration;
			buildSettings = {
				BUNDLE_LOADER = "$(TEST_HOST)";
				INFOPLIST_FILE = PRTest3Tests/Info.plist;
				LD_RUNPATH_SEARCH_PATHS = "$(inherited) @executable_path/Frameworks @loader_path/Frameworks";
				PRODUCT_BUNDLE_IDENTIFIER = QingMao.PRTest3Tests;
				PRODUCT_NAME = "$(TARGET_NAME)";
				TEST_HOST = "$(BUILT_PRODUCTS_DIR)/PRTest3.app/PRTest3";
			};
			name = Release;
		};
		51A1415F1C59F79000B2F5E9 /* Debug */ = {
			isa = XCBuildConfiguration;
			buildSettings = {
				INFOPLIST_FILE = PRTest3UITests/Info.plist;
				LD_RUNPATH_SEARCH_PATHS = "$(inherited) @executable_path/Frameworks @loader_path/Frameworks";
				PRODUCT_BUNDLE_IDENTIFIER = QingMao.PRTest3UITests;
				PRODUCT_NAME = "$(TARGET_NAME)";
				TEST_TARGET_NAME = PRTest3;
				USES_XCTRUNNER = YES;
			};
			name = Debug;
		};
		51A141601C59F79000B2F5E9 /* Release */ = {
			isa = XCBuildConfiguration;
			buildSettings = {
				INFOPLIST_FILE = PRTest3UITests/Info.plist;
				LD_RUNPATH_SEARCH_PATHS = "$(inherited) @executable_path/Frameworks @loader_path/Frameworks";
				PRODUCT_BUNDLE_IDENTIFIER = QingMao.PRTest3UITests;
				PRODUCT_NAME = "$(TARGET_NAME)";
				TEST_TARGET_NAME = PRTest3;
				USES_XCTRUNNER = YES;
			};
			name = Release;
		};
/* End XCBuildConfiguration section */

/* Begin XCConfigurationList section */
		51A141261C59F78F00B2F5E9 /* Build configuration list for PBXProject "PRTest3" */ = {
			isa = XCConfigurationList;
			buildConfigurations = (
				51A141561C59F79000B2F5E9 /* Debug */,
				51A141571C59F79000B2F5E9 /* Release */,
			);
			defaultConfigurationIsVisible = 0;
			defaultConfigurationName = Release;
		};
		51A141581C59F79000B2F5E9 /* Build configuration list for PBXNativeTarget "PRTest3" */ = {
			isa = XCConfigurationList;
			buildConfigurations = (
				51A141591C59F79000B2F5E9 /* Debug */,
				51A1415A1C59F79000B2F5E9 /* Release */,
			);
			defaultConfigurationIsVisible = 0;
			defaultConfigurationName = Release;
		};
		51A1415B1C59F79000B2F5E9 /* Build configuration list for PBXNativeTarget "PRTest3Tests" */ = {
			isa = XCConfigurationList;
			buildConfigurations = (
				51A1415C1C59F79000B2F5E9 /* Debug */,
				51A1415D1C59F79000B2F5E9 /* Release */,
			);
			defaultConfigurationIsVisible = 0;
			defaultConfigurationName = Release;
		};
		51A1415E1C59F79000B2F5E9 /* Build configuration list for PBXNativeTarget "PRTest3UITests" */ = {
			isa = XCConfigurationList;
			buildConfigurations = (
				51A1415F1C59F79000B2F5E9 /* Debug */,
				51A141601C59F79000B2F5E9 /* Release */,
			);
			defaultConfigurationIsVisible = 0;
			defaultConfigurationName = Release;
		};
/* End XCConfigurationList section */
	};
	rootObject = 51A141231C59F78F00B2F5E9 /* Project object */;
}
